{
  "version": 4,
  "terraform_version": "1.13.3",
  "serial": 175,
  "lineage": "36199350-7801-d69a-2acf-0ae1665eb440",
  "outputs": {
    "backup_bucket_name": {
      "value": "laravel-backup-bucket",
      "type": "string"
    },
    "db_password_secret_id": {
      "value": "ocid1.vaultsecret.oc1.me-riyadh-1.amaaaaaairh3kiaa6eve2xnkpdwzp44haf5ip7mgee7ovf75rth6ysd3khca",
      "type": "string"
    },
    "mysql_admin_password": {
      "value": "!2D7*kUl$Cb\u00262Zfd",
      "type": "string",
      "sensitive": true
    },
    "mysql_admin_password_secret_id": {
      "value": "ocid1.vaultsecret.oc1.me-riyadh-1.amaaaaaairh3kiaa6eve2xnkpdwzp44haf5ip7mgee7ovf75rth6ysd3khca",
      "type": "string"
    },
    "mysql_endpoint": {
      "value": "10.0.3.111",
      "type": "string"
    },
    "oke_cluster_endpoint": {
      "value": "84.8.114.54:6443",
      "type": "string"
    },
    "oke_cluster_id": {
      "value": "ocid1.cluster.oc1.me-riyadh-1.aaaaaaaagw2xtzcmuochrqn6pq5bcwq5vtdob73mpphdghg7mcn3imq2z4tq",
      "type": "string"
    }
  },
  "resources": [
    {
      "mode": "data",
      "type": "oci_containerengine_cluster_kube_config",
      "name": "laravel_kubeconfig",
      "provider": "provider[\"registry.terraform.io/oracle/oci\"]",
      "instances": [
        {
          "schema_version": 0,
          "attributes": {
            "cluster_id": "ocid1.cluster.oc1.me-riyadh-1.aaaaaaaagw2xtzcmuochrqn6pq5bcwq5vtdob73mpphdghg7mcn3imq2z4tq",
            "content": "---\napiVersion: v1\nkind: \"\"\nclusters:\n- name: cluster-cn3imq2z4tq\n  cluster:\n    server: https://84.8.114.54:6443\n    certificate-authority-data: LS0tLS1CRUdJTiBDRVJUSUZJQ0FURS0tLS0tCk1JSURpVENDQW5HZ0F3SUJBZ0lSQU5RSWI5N2t1TERiV25DUnNXQWVkdWN3RFFZSktvWklodmNOQVFFTEJRQXcKWGpFUE1BMEdBMVVFQXd3R1N6aHpJRU5CTVFzd0NRWURWUVFHRXdKVlV6RVBNQTBHQTFVRUJ3d0dRWFZ6ZEdsdQpNUTh3RFFZRFZRUUtEQVpQY21GamJHVXhEREFLQmdOVkJBc01BMDlqYVRFT01Bd0dBMVVFQ0F3RlZHVjRZWE13CkhoY05NalV4TURJeU1EWXpOVEkzV2hjTk16QXhNREl5TURZek5USTNXakJlTVE4d0RRWURWUVFEREFaTE9ITWcKUTBFeEN6QUpCZ05WQkFZVEFsVlRNUTh3RFFZRFZRUUhEQVpCZFhOMGFXNHhEekFOQmdOVkJBb01Cazl5WVdOcwpaVEVNTUFvR0ExVUVDd3dEVDJOcE1RNHdEQVlEVlFRSURBVlVaWGhoY3pDQ0FTSXdEUVlKS29aSWh2Y05BUUVCCkJRQURnZ0VQQURDQ0FRb0NnZ0VCQUtqMTl2WVFPd0FCQTlrOXRBMVl2Q2l4bHc1a0p6NTVMRHZDOTdONlU3cFEKVkdZR28xQXlGTitHSFB1OFhPME1XeXFIVVFKeWpEemFDRk5oMHdqSkdVS1FnTTJWYXpzMHE0T3RLOWhkT1M3cgpKbVZtK2NXUmhWSnBKR0VScXp3UEhMbkVYNTZIUWo4bUJxYnluaHRmaklpdmYyN0Z6L1pGVk01bUdPcFBOS2YvCi94WThCeldrdlVhbmtXVCtyR3Y0Wk02c0F0ZEx1S0FWaHYzWWFGZmVTUUJnd2ZFVHRPdUY5b3lMTVZYbU1GYnQKNjkycHJoS3pYeXBGM2JrN0ppY2FVekdWQWsrYS9Yb2JrU0NUNk9OeVVqbkV3Zmo3UXpiTEhnVlBKbVFwaHNaYwpuWU4xdG1zWGdNdGZmZEFRS0htb0U5K0haRGl6aTdqZmI2NFRRUGdrZk1rQ0F3RUFBYU5DTUVBd0R3WURWUjBUCkFRSC9CQVV3QXdFQi96QU9CZ05WSFE4QkFmOEVCQU1DQVFZd0hRWURWUjBPQkJZRUZLSWl0MGp1NHBMT2ZQanUKU3JiMG5lVFRsR0FHTUEwR0NTcUdTSWIzRFFFQkN3VUFBNElCQVFBUXhVK0gzMHFHWk1Ud01JRXFzZkJVZnlrWgpDWnpQcnZ1U0RmSWwrUithM1lVV2FiNitCeW02U1pNZVlpWTVJem1mRExRQnNSSVduSGxMeDlHWW0wZm5MM1Z0Cis1WWExU0g1V01JbHVVaUdUTTRtbnNReDN2dlZtQlZGVnA5ZzZGeTFRV0lYcEJkVGxpRTRQVVpQS25SaHduM0wKK2NkakhxU1ZqckZ1NjRWVVZRR3llN0xTRFd3VlE0Vml1bXpyb2ZkWmNrZ0tMZWp5VG54eEgrd3dRV1B4bGlxeQo5cDV5TWFFRnVUZUNGeXVqR3lLQ1pmVlp5Y0M5S2hJYUNXSFNnRzNES0NhVXNQMFRvbDZST1BnZk1XUHhRaFR6CjBQdmFDT3p4Rm50MjE5MkdWUld4YWwyOXNwQUdtaFVjTXBuNEV0RGJrejNUVE5aNStVQlhuMzNObkg5YwotLS0tLUVORCBDRVJUSUZJQ0FURS0tLS0tCg==\nusers:\n- name: user-cn3imq2z4tq\n  user:\n    exec:\n      apiVersion: client.authentication.k8s.io/v1beta1\n      command: oci\n      args:\n      - ce\n      - cluster\n      - generate-token\n      - --cluster-id\n      - ocid1.cluster.oc1.me-riyadh-1.aaaaaaaagw2xtzcmuochrqn6pq5bcwq5vtdob73mpphdghg7mcn3imq2z4tq\n      - --region\n      - me-riyadh-1\n      env: []\ncontexts:\n- name: context-cn3imq2z4tq\n  context:\n    cluster: cluster-cn3imq2z4tq\n    user: user-cn3imq2z4tq\ncurrent-context: context-cn3imq2z4tq\n",
            "endpoint": null,
            "expiration": null,
            "id": "ContainerengineClusterKubeConfigDataSource-3879854388",
            "token_version": null
          },
          "sensitive_attributes": [],
          "identity_schema_version": 0
        }
      ]
    },
    {
      "mode": "data",
      "type": "oci_containerengine_cluster_kube_config",
      "name": "oke",
      "provider": "provider[\"registry.terraform.io/oracle/oci\"]",
      "instances": [
        {
          "schema_version": 0,
          "attributes": {
            "cluster_id": "ocid1.cluster.oc1.me-riyadh-1.aaaaaaaagw2xtzcmuochrqn6pq5bcwq5vtdob73mpphdghg7mcn3imq2z4tq",
            "content": "---\napiVersion: v1\nkind: \"\"\nclusters:\n- name: cluster-cn3imq2z4tq\n  cluster:\n    server: https://84.8.114.54:6443\n    certificate-authority-data: LS0tLS1CRUdJTiBDRVJUSUZJQ0FURS0tLS0tCk1JSURpVENDQW5HZ0F3SUJBZ0lSQU5RSWI5N2t1TERiV25DUnNXQWVkdWN3RFFZSktvWklodmNOQVFFTEJRQXcKWGpFUE1BMEdBMVVFQXd3R1N6aHpJRU5CTVFzd0NRWURWUVFHRXdKVlV6RVBNQTBHQTFVRUJ3d0dRWFZ6ZEdsdQpNUTh3RFFZRFZRUUtEQVpQY21GamJHVXhEREFLQmdOVkJBc01BMDlqYVRFT01Bd0dBMVVFQ0F3RlZHVjRZWE13CkhoY05NalV4TURJeU1EWXpOVEkzV2hjTk16QXhNREl5TURZek5USTNXakJlTVE4d0RRWURWUVFEREFaTE9ITWcKUTBFeEN6QUpCZ05WQkFZVEFsVlRNUTh3RFFZRFZRUUhEQVpCZFhOMGFXNHhEekFOQmdOVkJBb01Cazl5WVdOcwpaVEVNTUFvR0ExVUVDd3dEVDJOcE1RNHdEQVlEVlFRSURBVlVaWGhoY3pDQ0FTSXdEUVlKS29aSWh2Y05BUUVCCkJRQURnZ0VQQURDQ0FRb0NnZ0VCQUtqMTl2WVFPd0FCQTlrOXRBMVl2Q2l4bHc1a0p6NTVMRHZDOTdONlU3cFEKVkdZR28xQXlGTitHSFB1OFhPME1XeXFIVVFKeWpEemFDRk5oMHdqSkdVS1FnTTJWYXpzMHE0T3RLOWhkT1M3cgpKbVZtK2NXUmhWSnBKR0VScXp3UEhMbkVYNTZIUWo4bUJxYnluaHRmaklpdmYyN0Z6L1pGVk01bUdPcFBOS2YvCi94WThCeldrdlVhbmtXVCtyR3Y0Wk02c0F0ZEx1S0FWaHYzWWFGZmVTUUJnd2ZFVHRPdUY5b3lMTVZYbU1GYnQKNjkycHJoS3pYeXBGM2JrN0ppY2FVekdWQWsrYS9Yb2JrU0NUNk9OeVVqbkV3Zmo3UXpiTEhnVlBKbVFwaHNaYwpuWU4xdG1zWGdNdGZmZEFRS0htb0U5K0haRGl6aTdqZmI2NFRRUGdrZk1rQ0F3RUFBYU5DTUVBd0R3WURWUjBUCkFRSC9CQVV3QXdFQi96QU9CZ05WSFE4QkFmOEVCQU1DQVFZd0hRWURWUjBPQkJZRUZLSWl0MGp1NHBMT2ZQanUKU3JiMG5lVFRsR0FHTUEwR0NTcUdTSWIzRFFFQkN3VUFBNElCQVFBUXhVK0gzMHFHWk1Ud01JRXFzZkJVZnlrWgpDWnpQcnZ1U0RmSWwrUithM1lVV2FiNitCeW02U1pNZVlpWTVJem1mRExRQnNSSVduSGxMeDlHWW0wZm5MM1Z0Cis1WWExU0g1V01JbHVVaUdUTTRtbnNReDN2dlZtQlZGVnA5ZzZGeTFRV0lYcEJkVGxpRTRQVVpQS25SaHduM0wKK2NkakhxU1ZqckZ1NjRWVVZRR3llN0xTRFd3VlE0Vml1bXpyb2ZkWmNrZ0tMZWp5VG54eEgrd3dRV1B4bGlxeQo5cDV5TWFFRnVUZUNGeXVqR3lLQ1pmVlp5Y0M5S2hJYUNXSFNnRzNES0NhVXNQMFRvbDZST1BnZk1XUHhRaFR6CjBQdmFDT3p4Rm50MjE5MkdWUld4YWwyOXNwQUdtaFVjTXBuNEV0RGJrejNUVE5aNStVQlhuMzNObkg5YwotLS0tLUVORCBDRVJUSUZJQ0FURS0tLS0tCg==\nusers:\n- name: user-cn3imq2z4tq\n  user:\n    exec:\n      apiVersion: client.authentication.k8s.io/v1beta1\n      command: oci\n      args:\n      - ce\n      - cluster\n      - generate-token\n      - --cluster-id\n      - ocid1.cluster.oc1.me-riyadh-1.aaaaaaaagw2xtzcmuochrqn6pq5bcwq5vtdob73mpphdghg7mcn3imq2z4tq\n      - --region\n      - me-riyadh-1\n      env: []\ncontexts:\n- name: context-cn3imq2z4tq\n  context:\n    cluster: cluster-cn3imq2z4tq\n    user: user-cn3imq2z4tq\ncurrent-context: context-cn3imq2z4tq\n",
            "endpoint": null,
            "expiration": null,
            "id": "ContainerengineClusterKubeConfigDataSource-3686415620",
            "token_version": "2.0.0"
          },
          "sensitive_attributes": [],
          "identity_schema_version": 0
        }
      ]
    },
    {
      "mode": "data",
      "type": "oci_containerengine_cluster_option",
      "name": "cluster_options",
      "provider": "provider[\"registry.terraform.io/oracle/oci\"]",
      "instances": [
        {
          "schema_version": 0,
          "attributes": {
            "cluster_option_id": "all",
            "cluster_pod_network_options": [
              {
                "cni_type": "OCI_VCN_IP_NATIVE"
              },
              {
                "cni_type": "FLANNEL_OVERLAY"
              }
            ],
            "compartment_id": null,
            "id": "ContainerengineClusterOptionDataSource-1870923232",
            "kubernetes_versions": [
              "v1.31.1",
              "v1.31.10",
              "v1.32.1",
              "v1.33.0",
              "v1.33.1",
              "v1.34.0",
              "v1.34.1"
            ]
          },
          "sensitive_attributes": [],
          "identity_schema_version": 0
        }
      ]
    },
    {
      "mode": "data",
      "type": "oci_containerengine_node_pool_option",
      "name": "oke_options",
      "provider": "provider[\"registry.terraform.io/oracle/oci\"]",
      "instances": [
        {
          "schema_version": 0,
          "attributes": {
            "compartment_id": null,
            "id": "ContainerengineNodePoolOptionDataSource-3879854388",
            "images": [],
            "kubernetes_versions": [
              "v1.31.1",
              "v1.31.10",
              "v1.32.1",
              "v1.33.0",
              "v1.33.1",
              "v1.34.0",
              "v1.34.1"
            ],
            "node_pool_option_id": "ocid1.cluster.oc1.me-riyadh-1.aaaaaaaagw2xtzcmuochrqn6pq5bcwq5vtdob73mpphdghg7mcn3imq2z4tq",
            "shapes": [
              "BM.Standard.A1.160",
              "BM.Standard.E4.128",
              "BM.Standard.E5.192",
              "BM.Standard3.64",
              "VM.Standard.A1.Flex",
              "VM.Standard.E4.Flex",
              "VM.Standard.E5.Flex",
              "VM.Standard3.Flex"
            ],
            "sources": [
              {
                "image_id": "ocid1.image.oc1.me-riyadh-1.aaaaaaaaid23jeodysxiao4mahwi5t2qumy3ofwds4xf6tyemxoc7bg2tzdq",
                "source_name": "Oracle-Linux-8.10-aarch64-2025.09.16-0-OKE-1.34.1-1330",
                "source_type": "IMAGE"
              },
              {
                "image_id": "ocid1.image.oc1.me-riyadh-1.aaaaaaaaqsg6kz5jtrri5wji3pemj2mipbhkavmo3zpwcscg47egyegszyjq",
                "source_name": "Oracle-Linux-8.10-aarch64-2025.09.16-0-OKE-1.33.1-1330",
                "source_type": "IMAGE"
              },
              {
                "image_id": "ocid1.image.oc1.me-riyadh-1.aaaaaaaacuf6xlgyfk75ktxyycibb5dvo4b6jrpu4olhgs5cjdbjz3cxaoja",
                "source_name": "Oracle-Linux-8.10-aarch64-2025.09.16-0-OKE-1.32.1-1330",
                "source_type": "IMAGE"
              },
              {
                "image_id": "ocid1.image.oc1.me-riyadh-1.aaaaaaaaaa3r5dqoxhxawazjz22zkshfxywzqmgorjn4d23kb3amkvyld76a",
                "source_name": "Oracle-Linux-8.10-aarch64-2025.09.16-0-OKE-1.31.10-1330",
                "source_type": "IMAGE"
              },
              {
                "image_id": "ocid1.image.oc1.me-riyadh-1.aaaaaaaafov6o4kujfyqjfweeoq5ukbjlx27dgg6i7azen5mjt6oa3epbata",
                "source_name": "Oracle-Linux-8.10-aarch64-2025.08.31-0-OKE-1.34.1-1191",
                "source_type": "IMAGE"
              },
              {
                "image_id": "ocid1.image.oc1.me-riyadh-1.aaaaaaaazr6ca4tzqmxr4i662dkyvx2ssgczrzjho7g2khyk7sa7rgtirdja",
                "source_name": "Oracle-Linux-8.10-aarch64-2025.08.31-0-OKE-1.33.1-1191",
                "source_type": "IMAGE"
              },
              {
                "image_id": "ocid1.image.oc1.me-riyadh-1.aaaaaaaamtxrztdjrg42bfrvozawxqyjull2q5x4izhq2yv3joamq3huoqvq",
                "source_name": "Oracle-Linux-8.10-aarch64-2025.08.31-0-OKE-1.32.1-1191",
                "source_type": "IMAGE"
              },
              {
                "image_id": "ocid1.image.oc1.me-riyadh-1.aaaaaaaagmosxxq5ayuu7uwkqjfakqzyryg6wnaa7dwwh4xgterthsgp75wa",
                "source_name": "Oracle-Linux-8.10-aarch64-2025.08.31-0-OKE-1.31.10-1191",
                "source_type": "IMAGE"
              },
              {
                "image_id": "ocid1.image.oc1.me-riyadh-1.aaaaaaaapjdsj6laijnbyplhdy4fndo77szx4aajguybeuktjrznu646f7ba",
                "source_name": "Oracle-Linux-8.10-aarch64-2025.07.21-0-OKE-1.33.1-967",
                "source_type": "IMAGE"
              },
              {
                "image_id": "ocid1.image.oc1.me-riyadh-1.aaaaaaaap7nxut4zds5wwrb5h26mkvs5zhmk2qpiwbs4y6nw2jfcs2q6sqkq",
                "source_name": "Oracle-Linux-8.10-aarch64-2025.07.21-0-OKE-1.32.1-967",
                "source_type": "IMAGE"
              },
              {
                "image_id": "ocid1.image.oc1.me-riyadh-1.aaaaaaaaafxovcwk42fkj46u236io2tnf63y4t5t6om7txaaotzxeyhsm56q",
                "source_name": "Oracle-Linux-8.10-aarch64-2025.07.21-0-OKE-1.31.10-967",
                "source_type": "IMAGE"
              },
              {
                "image_id": "ocid1.image.oc1.me-riyadh-1.aaaaaaaawgi4vpcvdefzf73vkdyshsxfomcdeifuxnccty4ohvvg72tjo4mq",
                "source_name": "Oracle-Linux-8.10-aarch64-2025.05.19-0-OKE-1.31.1-804",
                "source_type": "IMAGE"
              },
              {
                "image_id": "ocid1.image.oc1.me-riyadh-1.aaaaaaaatsp47thz5aaelvqmwnmocqgq5s3eqbj4pnfs7ggir3pqxsaeqama",
                "source_name": "Oracle-Linux-8.10-aarch64-2025.05.19-0-OKE-1.31.1-764",
                "source_type": "IMAGE"
              },
              {
                "image_id": "ocid1.image.oc1.me-riyadh-1.aaaaaaaaw5yb7fu5rux2wy245n5zdvmxkmtc4mtjqhvzoxaukxjgbtxsee6a",
                "source_name": "Oracle-Linux-8.10-aarch64-2025.02.28-0-OKE-1.31.1-760",
                "source_type": "IMAGE"
              },
              {
                "image_id": "ocid1.image.oc1.me-riyadh-1.aaaaaaaaviuedwrxsms3dgb465ptm5ggvas6kk76hdxokex7lmlwkekfm5oa",
                "source_name": "Oracle-Linux-8.10-Gen2-GPU-2025.09.16-0-OKE-1.34.1-1330",
                "source_type": "IMAGE"
              },
              {
                "image_id": "ocid1.image.oc1.me-riyadh-1.aaaaaaaa6iwatavi5cz457djxxbbpvu3aroviehldoahncf26htomezljuua",
                "source_name": "Oracle-Linux-8.10-Gen2-GPU-2025.09.16-0-OKE-1.33.1-1330",
                "source_type": "IMAGE"
              },
              {
                "image_id": "ocid1.image.oc1.me-riyadh-1.aaaaaaaakkjn2jvfnd7ntvtcephrqsbkn72aal7lyyxmopqt4z2ybflsjtga",
                "source_name": "Oracle-Linux-8.10-Gen2-GPU-2025.09.16-0-OKE-1.32.1-1330",
                "source_type": "IMAGE"
              },
              {
                "image_id": "ocid1.image.oc1.me-riyadh-1.aaaaaaaae2vsuvlfxrimbjsouip4bzpmm3irlqmuawgbvctay56bbn5t4rrq",
                "source_name": "Oracle-Linux-8.10-Gen2-GPU-2025.09.16-0-OKE-1.31.10-1330",
                "source_type": "IMAGE"
              },
              {
                "image_id": "ocid1.image.oc1.me-riyadh-1.aaaaaaaagkzko3ikeghg3o45eke46wty75wzl474ggwl6w3yoryv5bw3xsqq",
                "source_name": "Oracle-Linux-8.10-Gen2-GPU-2025.08.31-0-OKE-1.34.1-1191",
                "source_type": "IMAGE"
              },
              {
                "image_id": "ocid1.image.oc1.me-riyadh-1.aaaaaaaarf5met7ugsukfxirbera4yufckbmzkyzzlntlhteyi2kxr2zy62a",
                "source_name": "Oracle-Linux-8.10-Gen2-GPU-2025.08.31-0-OKE-1.33.1-1191",
                "source_type": "IMAGE"
              },
              {
                "image_id": "ocid1.image.oc1.me-riyadh-1.aaaaaaaamwv5fke46cgaxn4q4cci5pq4bwu6ratsgxpy7jbv56k4wtw7dc4q",
                "source_name": "Oracle-Linux-8.10-Gen2-GPU-2025.08.31-0-OKE-1.32.1-1191",
                "source_type": "IMAGE"
              },
              {
                "image_id": "ocid1.image.oc1.me-riyadh-1.aaaaaaaa2uzfmqsxmrs7hs7vtnos5g4urep4srxacfxmworn4qjyqn4nifkq",
                "source_name": "Oracle-Linux-8.10-Gen2-GPU-2025.08.31-0-OKE-1.31.10-1191",
                "source_type": "IMAGE"
              },
              {
                "image_id": "ocid1.image.oc1.me-riyadh-1.aaaaaaaa7ajworud4xkp4go3pwhgryb4y3g62ax7gtosyyutxxwxx4vg3gxq",
                "source_name": "Oracle-Linux-8.10-Gen2-GPU-2025.07.21-0-OKE-1.33.1-967",
                "source_type": "IMAGE"
              },
              {
                "image_id": "ocid1.image.oc1.me-riyadh-1.aaaaaaaaxv4uokxzbutrasuqvdywhmcwer77xttiapkfmz4vvyglwu7teo6q",
                "source_name": "Oracle-Linux-8.10-Gen2-GPU-2025.07.21-0-OKE-1.32.1-967",
                "source_type": "IMAGE"
              },
              {
                "image_id": "ocid1.image.oc1.me-riyadh-1.aaaaaaaas5ztnymze3iguc4zx7a7z7zt7wynfmk573s7e5iatq6bipphikwq",
                "source_name": "Oracle-Linux-8.10-Gen2-GPU-2025.07.21-0-OKE-1.31.10-967",
                "source_type": "IMAGE"
              },
              {
                "image_id": "ocid1.image.oc1.me-riyadh-1.aaaaaaaasrivp6z35lkj7arzlguk4t2i5rzejnm3ib33vmsj5n4astl2c6ya",
                "source_name": "Oracle-Linux-8.10-Gen2-GPU-2025.05.19-0-OKE-1.31.1-804",
                "source_type": "IMAGE"
              },
              {
                "image_id": "ocid1.image.oc1.me-riyadh-1.aaaaaaaazugjui7n2wagooxunenurb4zjrfywrtamscfcrak3csvijvvvqnq",
                "source_name": "Oracle-Linux-8.10-Gen2-GPU-2025.05.19-0-OKE-1.31.1-764",
                "source_type": "IMAGE"
              },
              {
                "image_id": "ocid1.image.oc1.me-riyadh-1.aaaaaaaaodrtd5bdfdkjebtqdbmaaypbaouhmegvmf4grxdnnn2sz5bmv2hq",
                "source_name": "Oracle-Linux-8.10-Gen2-GPU-2025.02.28-0-OKE-1.31.1-760",
                "source_type": "IMAGE"
              },
              {
                "image_id": "ocid1.image.oc1.me-riyadh-1.aaaaaaaaldhch77khh2q25eyyklzhzjebepe2ggi53poj75oj6up3zre4wvq",
                "source_name": "Oracle-Linux-8.10-2025.09.16-0-OKE-1.34.1-1330",
                "source_type": "IMAGE"
              },
              {
                "image_id": "ocid1.image.oc1.me-riyadh-1.aaaaaaaai65eg6wydtl6w3r7c6d7fw7pbtauf4xvhcioga7uxulxlplmncoa",
                "source_name": "Oracle-Linux-8.10-2025.09.16-0-OKE-1.33.1-1330",
                "source_type": "IMAGE"
              },
              {
                "image_id": "ocid1.image.oc1.me-riyadh-1.aaaaaaaa3yr3g6esmoecrnxk2qxqt5dkoj5rj4ypvd3fa4vmymqxdtpdhxga",
                "source_name": "Oracle-Linux-8.10-2025.09.16-0-OKE-1.32.1-1330",
                "source_type": "IMAGE"
              },
              {
                "image_id": "ocid1.image.oc1.me-riyadh-1.aaaaaaaasxv4nebgcbpof5gljt6ptsrzuqh3prhoebemaicqzhvrnksmgmsa",
                "source_name": "Oracle-Linux-8.10-2025.09.16-0-OKE-1.31.10-1330",
                "source_type": "IMAGE"
              },
              {
                "image_id": "ocid1.image.oc1.me-riyadh-1.aaaaaaaabtg343bwwvsy26wk7enq3diyk4ffwia44bzo43jmcgkeio5cwmwq",
                "source_name": "Oracle-Linux-8.10-2025.08.31-0-OKE-1.34.1-1191",
                "source_type": "IMAGE"
              },
              {
                "image_id": "ocid1.image.oc1.me-riyadh-1.aaaaaaaadhqas4emupxhivyb4hgvl2mgnvcbfsi3nnjrtrxxwxvb2b5te6ca",
                "source_name": "Oracle-Linux-8.10-2025.08.31-0-OKE-1.33.1-1191",
                "source_type": "IMAGE"
              },
              {
                "image_id": "ocid1.image.oc1.me-riyadh-1.aaaaaaaaiqhy6zxpnjv4oupzhtw65ncawyj73ebvw6ssvepgxcki3gxf535a",
                "source_name": "Oracle-Linux-8.10-2025.08.31-0-OKE-1.32.1-1191",
                "source_type": "IMAGE"
              },
              {
                "image_id": "ocid1.image.oc1.me-riyadh-1.aaaaaaaa7ybqgbkt2loqy4xttgemppryi5vvmvgk2ccxtcgm5uiddhq5pvca",
                "source_name": "Oracle-Linux-8.10-2025.08.31-0-OKE-1.31.10-1191",
                "source_type": "IMAGE"
              },
              {
                "image_id": "ocid1.image.oc1.me-riyadh-1.aaaaaaaacba5p7ds3jae2hfe5rbw7kelmrswp5q44if3eexzshep2j52nwgq",
                "source_name": "Oracle-Linux-8.10-2025.07.21-0-OKE-1.33.1-967",
                "source_type": "IMAGE"
              },
              {
                "image_id": "ocid1.image.oc1.me-riyadh-1.aaaaaaaap63yn3rnnxpckubby2vqd46qy2krfchl23cu4zfpk2oyjrocmffa",
                "source_name": "Oracle-Linux-8.10-2025.07.21-0-OKE-1.32.1-967",
                "source_type": "IMAGE"
              },
              {
                "image_id": "ocid1.image.oc1.me-riyadh-1.aaaaaaaad3eq6eqeenf5v6oxuc22t7q6khq45jnpfzz6wffxcxuozgmbyubq",
                "source_name": "Oracle-Linux-8.10-2025.07.21-0-OKE-1.31.10-967",
                "source_type": "IMAGE"
              },
              {
                "image_id": "ocid1.image.oc1.me-riyadh-1.aaaaaaaabpumbcn7mj7fpiag7xavugy2myprnmnanpgwaw47q7meszjei56a",
                "source_name": "Oracle-Linux-8.10-2025.05.19-0-OKE-1.31.1-804",
                "source_type": "IMAGE"
              },
              {
                "image_id": "ocid1.image.oc1.me-riyadh-1.aaaaaaaa3kdhy6bbrblved24gtjg5zmmpitufwhuyotopswh4pedpbiz7vqq",
                "source_name": "Oracle-Linux-8.10-2025.05.19-0-OKE-1.31.1-764",
                "source_type": "IMAGE"
              },
              {
                "image_id": "ocid1.image.oc1.me-riyadh-1.aaaaaaaa6gs53eqkdwzuoenheqqn2ixckoufm2dfsequp3txhv5vi2fyaj4q",
                "source_name": "Oracle-Linux-8.10-2025.02.28-0-OKE-1.31.1-760",
                "source_type": "IMAGE"
              },
              {
                "image_id": "ocid1.image.oc1.me-riyadh-1.aaaaaaaa6zgd6336wlqhmor5o7dhbp4jsxtsupalstbclf7mhb47fv22tikq",
                "source_name": "Oracle-Linux-7.9-aarch64-2024.11.30-0-OKE-1.34.1-1330",
                "source_type": "IMAGE"
              },
              {
                "image_id": "ocid1.image.oc1.me-riyadh-1.aaaaaaaaqtilraaq4pi7cam5gylri622haapmo26ocr42jiy7zq7cy6lrceq",
                "source_name": "Oracle-Linux-7.9-aarch64-2024.11.30-0-OKE-1.34.1-1191",
                "source_type": "IMAGE"
              },
              {
                "image_id": "ocid1.image.oc1.me-riyadh-1.aaaaaaaahuffj5sn7w7alfwzgmwaemg7x7rjgoz4ca4bawx6myed32aztfzq",
                "source_name": "Oracle-Linux-7.9-aarch64-2024.11.30-0-OKE-1.33.1-967",
                "source_type": "IMAGE"
              },
              {
                "image_id": "ocid1.image.oc1.me-riyadh-1.aaaaaaaavxobjipqvdwwsbxzwxpiienigeillax5widveqgoddrmj2dhlnmq",
                "source_name": "Oracle-Linux-7.9-aarch64-2024.11.30-0-OKE-1.33.1-1330",
                "source_type": "IMAGE"
              },
              {
                "image_id": "ocid1.image.oc1.me-riyadh-1.aaaaaaaai2p3cmcvx5ikvfipzzaxgrjage46wdbf3bsfd7a7j3tjn23y3eza",
                "source_name": "Oracle-Linux-7.9-aarch64-2024.11.30-0-OKE-1.33.1-1191",
                "source_type": "IMAGE"
              },
              {
                "image_id": "ocid1.image.oc1.me-riyadh-1.aaaaaaaav4b5ld2j4bxwfgfmrbluygbyanjxl2xhjb76zif2bzsy4ud25iqa",
                "source_name": "Oracle-Linux-7.9-aarch64-2024.11.30-0-OKE-1.32.1-967",
                "source_type": "IMAGE"
              },
              {
                "image_id": "ocid1.image.oc1.me-riyadh-1.aaaaaaaa7gbr5lxbrcntsiyazmpzbgswru5ypfm4shukdchg6mjxydm5ebha",
                "source_name": "Oracle-Linux-7.9-aarch64-2024.11.30-0-OKE-1.32.1-1330",
                "source_type": "IMAGE"
              },
              {
                "image_id": "ocid1.image.oc1.me-riyadh-1.aaaaaaaatu6xfyzk2rruxvr43y5wxg5q4jqbn2iogtj2z2ehx5wsdbkruwyq",
                "source_name": "Oracle-Linux-7.9-aarch64-2024.11.30-0-OKE-1.32.1-1191",
                "source_type": "IMAGE"
              },
              {
                "image_id": "ocid1.image.oc1.me-riyadh-1.aaaaaaaa2u34vvkt4xgswuuqcm44sxan5ehbytihokiyy2km7mgqbo47wwpa",
                "source_name": "Oracle-Linux-7.9-aarch64-2024.11.30-0-OKE-1.31.10-967",
                "source_type": "IMAGE"
              },
              {
                "image_id": "ocid1.image.oc1.me-riyadh-1.aaaaaaaalibmkk4mmnf4u6qcqtju4j3vdab72dgvdlk3bwjxpqdc5l4ah2qq",
                "source_name": "Oracle-Linux-7.9-aarch64-2024.11.30-0-OKE-1.31.10-1330",
                "source_type": "IMAGE"
              },
              {
                "image_id": "ocid1.image.oc1.me-riyadh-1.aaaaaaaa2whsnf6aiif2webpqshfqrtqoi3tud3dk5cdqdqz7cew5djav5zq",
                "source_name": "Oracle-Linux-7.9-aarch64-2024.11.30-0-OKE-1.31.10-1191",
                "source_type": "IMAGE"
              },
              {
                "image_id": "ocid1.image.oc1.me-riyadh-1.aaaaaaaarb2ectkxsf5edba2g3dkvthmw5dswm6gydbvun4jert3w6vg3p4a",
                "source_name": "Oracle-Linux-7.9-aarch64-2024.11.30-0-OKE-1.31.1-804",
                "source_type": "IMAGE"
              },
              {
                "image_id": "ocid1.image.oc1.me-riyadh-1.aaaaaaaafqu6ydmeeudqs6hx3lehcqjm46rfgkdocuayxzeglau6xo7ltdka",
                "source_name": "Oracle-Linux-7.9-aarch64-2024.11.30-0-OKE-1.31.1-764",
                "source_type": "IMAGE"
              },
              {
                "image_id": "ocid1.image.oc1.me-riyadh-1.aaaaaaaavesuybuh2wijgpn6brzajiqs6jj3yoizkeyfnxjd3lnha4f7w3pq",
                "source_name": "Oracle-Linux-7.9-aarch64-2024.11.30-0-OKE-1.31.1-760",
                "source_type": "IMAGE"
              },
              {
                "image_id": "ocid1.image.oc1.me-riyadh-1.aaaaaaaacdhe7fssxlgzu7triwsfkvp4zosz5stdqfens6nbyve7lvbfkauq",
                "source_name": "Oracle-Linux-7.9-Gen2-GPU-2025.07.21-0-OKE-1.34.1-1330",
                "source_type": "IMAGE"
              },
              {
                "image_id": "ocid1.image.oc1.me-riyadh-1.aaaaaaaa6zkcgnavf4ssbjb3umq4czpx6rrlnlacqtfauxrxrispnl7jus3a",
                "source_name": "Oracle-Linux-7.9-Gen2-GPU-2025.07.21-0-OKE-1.34.1-1191",
                "source_type": "IMAGE"
              },
              {
                "image_id": "ocid1.image.oc1.me-riyadh-1.aaaaaaaafonkdwhn7eu7aqgi7sd4t5g2sy2w3qcpj5hop64oalixv7kowf3a",
                "source_name": "Oracle-Linux-7.9-Gen2-GPU-2025.07.21-0-OKE-1.33.1-967",
                "source_type": "IMAGE"
              },
              {
                "image_id": "ocid1.image.oc1.me-riyadh-1.aaaaaaaaitxtibdwc2ts7elg26qgta2kq3hjip462uet7mwjxdzot275dusa",
                "source_name": "Oracle-Linux-7.9-Gen2-GPU-2025.07.21-0-OKE-1.33.1-1330",
                "source_type": "IMAGE"
              },
              {
                "image_id": "ocid1.image.oc1.me-riyadh-1.aaaaaaaay5q3c6sa7m6pqkjpahtjbsbcljlsy3juh63yn4fyx6ktpke4dy6a",
                "source_name": "Oracle-Linux-7.9-Gen2-GPU-2025.07.21-0-OKE-1.33.1-1191",
                "source_type": "IMAGE"
              },
              {
                "image_id": "ocid1.image.oc1.me-riyadh-1.aaaaaaaayrsnulxgrypva3cnwc7sxczkhxalnqhmgzqq5bbgn7drcnnxryba",
                "source_name": "Oracle-Linux-7.9-Gen2-GPU-2025.07.21-0-OKE-1.32.1-967",
                "source_type": "IMAGE"
              },
              {
                "image_id": "ocid1.image.oc1.me-riyadh-1.aaaaaaaaz7wypawxcdr5xxm67puc323uuyqbxalkij4g46mjbeqai4cizprq",
                "source_name": "Oracle-Linux-7.9-Gen2-GPU-2025.07.21-0-OKE-1.32.1-1330",
                "source_type": "IMAGE"
              },
              {
                "image_id": "ocid1.image.oc1.me-riyadh-1.aaaaaaaa25eomm5z7ppqhyvalfgjn3qgfzmw7mueglbnqou66bo4moxhkxxa",
                "source_name": "Oracle-Linux-7.9-Gen2-GPU-2025.07.21-0-OKE-1.32.1-1191",
                "source_type": "IMAGE"
              },
              {
                "image_id": "ocid1.image.oc1.me-riyadh-1.aaaaaaaaosjlf6nleri7hu63prnzuz22m6ijafg7j423ek3fhfxmvwxvmjuq",
                "source_name": "Oracle-Linux-7.9-Gen2-GPU-2025.07.21-0-OKE-1.31.10-967",
                "source_type": "IMAGE"
              },
              {
                "image_id": "ocid1.image.oc1.me-riyadh-1.aaaaaaaad67gmso6kuuy6f74ihxszqnbcctmn6qvgxcep7runsj4lzxahtxa",
                "source_name": "Oracle-Linux-7.9-Gen2-GPU-2025.07.21-0-OKE-1.31.10-1330",
                "source_type": "IMAGE"
              },
              {
                "image_id": "ocid1.image.oc1.me-riyadh-1.aaaaaaaajz5yqxsrhcey3ij3uxeju2phd7vg5qpphdnwkbrkic5l3hlinngq",
                "source_name": "Oracle-Linux-7.9-Gen2-GPU-2025.07.21-0-OKE-1.31.10-1191",
                "source_type": "IMAGE"
              },
              {
                "image_id": "ocid1.image.oc1.me-riyadh-1.aaaaaaaahpghfkhjunan76pdq4zp4fshprmaod7o6hmma4iilxbqtbtselzq",
                "source_name": "Oracle-Linux-7.9-Gen2-GPU-2025.01.31-0-OKE-1.31.1-804",
                "source_type": "IMAGE"
              },
              {
                "image_id": "ocid1.image.oc1.me-riyadh-1.aaaaaaaavvvbkkwqtw4pv2y3qbvwuzdlawfhup265k6bixjbf2i4znpgvdxq",
                "source_name": "Oracle-Linux-7.9-Gen2-GPU-2025.01.31-0-OKE-1.31.1-764",
                "source_type": "IMAGE"
              },
              {
                "image_id": "ocid1.image.oc1.me-riyadh-1.aaaaaaaa2s4vscylhn7c5sgs33mgg3sirplqundxahhcpsbs72bsnszmh5ma",
                "source_name": "Oracle-Linux-7.9-Gen2-GPU-2025.01.31-0-OKE-1.31.1-760",
                "source_type": "IMAGE"
              },
              {
                "image_id": "ocid1.image.oc1.me-riyadh-1.aaaaaaaavritjwppakbbs7lfvobayasyzrcnq6kytnycsfwwsfpkpfevjama",
                "source_name": "Oracle-Linux-7.9-2025.07.21-0-OKE-1.34.1-1330",
                "source_type": "IMAGE"
              },
              {
                "image_id": "ocid1.image.oc1.me-riyadh-1.aaaaaaaarqxlwpit4zrusbyfcxkrtikysuufooqr3fy3b7i7ic6f7oxvgxlq",
                "source_name": "Oracle-Linux-7.9-2025.07.21-0-OKE-1.34.1-1191",
                "source_type": "IMAGE"
              },
              {
                "image_id": "ocid1.image.oc1.me-riyadh-1.aaaaaaaadncssv6lxh4eupnj3bp6o2iack3uvwdrslnnwcsnvahxbjkdlvaq",
                "source_name": "Oracle-Linux-7.9-2025.07.21-0-OKE-1.33.1-967",
                "source_type": "IMAGE"
              },
              {
                "image_id": "ocid1.image.oc1.me-riyadh-1.aaaaaaaanz5yfami3tonzql323ckwdgzcdfb6diksv6pgha64eniz3v32sua",
                "source_name": "Oracle-Linux-7.9-2025.07.21-0-OKE-1.33.1-1330",
                "source_type": "IMAGE"
              },
              {
                "image_id": "ocid1.image.oc1.me-riyadh-1.aaaaaaaakebpdjetgu64rlew2msa4jeglxw34to2kz4h3wr3km3ycwvzcf6q",
                "source_name": "Oracle-Linux-7.9-2025.07.21-0-OKE-1.33.1-1191",
                "source_type": "IMAGE"
              },
              {
                "image_id": "ocid1.image.oc1.me-riyadh-1.aaaaaaaajrnzb3q4s7jltomh7zmizh5q32dwoz4srcl2gcpfv2csrqe3fikq",
                "source_name": "Oracle-Linux-7.9-2025.07.21-0-OKE-1.32.1-967",
                "source_type": "IMAGE"
              },
              {
                "image_id": "ocid1.image.oc1.me-riyadh-1.aaaaaaaaj2dwp2yzbwnxgkhxzyfjgps57wnenyotydea7dbkv2fik3w6ih4q",
                "source_name": "Oracle-Linux-7.9-2025.07.21-0-OKE-1.32.1-1330",
                "source_type": "IMAGE"
              },
              {
                "image_id": "ocid1.image.oc1.me-riyadh-1.aaaaaaaa3fxiieq47ypbc2redjy35br2gvzhn77pjqdulftahunxzvmsex2q",
                "source_name": "Oracle-Linux-7.9-2025.07.21-0-OKE-1.32.1-1191",
                "source_type": "IMAGE"
              },
              {
                "image_id": "ocid1.image.oc1.me-riyadh-1.aaaaaaaajdyzvnewzmmb4i6fblsuk5ahovqvwbkrfhnrtgaqixyycsvvx5xa",
                "source_name": "Oracle-Linux-7.9-2025.07.21-0-OKE-1.31.10-967",
                "source_type": "IMAGE"
              },
              {
                "image_id": "ocid1.image.oc1.me-riyadh-1.aaaaaaaaibz5tltccg2bfusgli2l4kd7o6kekpmymjpvj5rxtx5nddmf6dwq",
                "source_name": "Oracle-Linux-7.9-2025.07.21-0-OKE-1.31.10-1330",
                "source_type": "IMAGE"
              },
              {
                "image_id": "ocid1.image.oc1.me-riyadh-1.aaaaaaaa6bypvmfpm3w3sjcoexzhu7nmnekrlehk25vittilakfz3bf23lza",
                "source_name": "Oracle-Linux-7.9-2025.07.21-0-OKE-1.31.10-1191",
                "source_type": "IMAGE"
              },
              {
                "image_id": "ocid1.image.oc1.me-riyadh-1.aaaaaaaaz7rejqtmao4vfqnwplqb2vy2emc4qpdrdjs5zte5afo5mjgbjlhq",
                "source_name": "Oracle-Linux-7.9-2025.04.16-0-OKE-1.31.1-804",
                "source_type": "IMAGE"
              },
              {
                "image_id": "ocid1.image.oc1.me-riyadh-1.aaaaaaaanajv2touwk6haope4wue6kclu3ejwaneerqunqocvqdnkqlhfepa",
                "source_name": "Oracle-Linux-7.9-2025.04.16-0-OKE-1.31.1-764",
                "source_type": "IMAGE"
              },
              {
                "image_id": "ocid1.image.oc1.me-riyadh-1.aaaaaaaapt2v73vozxnme25enmdxcglstl5n7mcz35vurqkzc4ippy4mmmfa",
                "source_name": "Oracle-Linux-7.9-2025.01.31-0-OKE-1.31.1-760",
                "source_type": "IMAGE"
              },
              {
                "image_id": "ocid1.image.oc1.me-riyadh-1.aaaaaaaa4phu3jwm6duubzbqq4he6xj5q54xscx4cp47ulfcrivk5fmrlnya",
                "source_name": "Oracle-Linux-8.10-aarch64-2025.09.16-0",
                "source_type": "IMAGE"
              },
              {
                "image_id": "ocid1.image.oc1.me-riyadh-1.aaaaaaaayiv4iykl7p7yqbzg5s7es4ozvgjntpr5v7cezuzwm5mqgbrm7l4a",
                "source_name": "Oracle-Linux-8.10-aarch64-2025.08.31-0",
                "source_type": "IMAGE"
              },
              {
                "image_id": "ocid1.image.oc1.me-riyadh-1.aaaaaaaaxlsazfntwrf2zq6nfn4t3wypkalmmbwc7md3b3c6ohnu6y2iyuta",
                "source_name": "Oracle-Linux-8.10-aarch64-2025.07.31-0",
                "source_type": "IMAGE"
              },
              {
                "image_id": "ocid1.image.oc1.me-riyadh-1.aaaaaaaajbs2bzx4sr2hgsgdbmwdo3qbsm6d42x6y3gtavwbxd6f3f74l35a",
                "source_name": "Oracle-Linux-8.10-Gen2-GPU-2025.09.16-0",
                "source_type": "IMAGE"
              },
              {
                "image_id": "ocid1.image.oc1.me-riyadh-1.aaaaaaaawswvkqfsb3ltb3hwnuynhmupz3ix7x5et7c7e6oqkqif4etaznla",
                "source_name": "Oracle-Linux-8.10-Gen2-GPU-2025.08.31-0",
                "source_type": "IMAGE"
              },
              {
                "image_id": "ocid1.image.oc1.me-riyadh-1.aaaaaaaayzntr5yywuwnyh7ym4654zmpqqen6ncvnjmexgqorupuacgffbjq",
                "source_name": "Oracle-Linux-8.10-Gen2-GPU-2025.07.31-0",
                "source_type": "IMAGE"
              },
              {
                "image_id": "ocid1.image.oc1.me-riyadh-1.aaaaaaaaal5hdepfjdaohjvhqloli2a2wnp2f2zuy7xhjyfwd3ymmbyjzreq",
                "source_name": "Oracle-Linux-8.10-Gen2-AMD-GPU-2025.08.31-0",
                "source_type": "IMAGE"
              },
              {
                "image_id": "ocid1.image.oc1.me-riyadh-1.aaaaaaaa4fmngrlbmz2rw627uaniy4u73q3tmszhbsa6yddkwa53c3tfaekq",
                "source_name": "Oracle-Linux-8.10-Gen2-AMD-GPU-2024.08.31-0",
                "source_type": "IMAGE"
              },
              {
                "image_id": "ocid1.image.oc1.me-riyadh-1.aaaaaaaa7vzwcqoh4a3keewvy6fjceeyfhv3g5e77voblca2x565btkgyjxq",
                "source_name": "Oracle-Linux-8.10-2025.09.16-0",
                "source_type": "IMAGE"
              },
              {
                "image_id": "ocid1.image.oc1.me-riyadh-1.aaaaaaaaj2iix7bmacxlgzczgc45mum7ixkcrlgonkwpowhwlxgwhiagi2ia",
                "source_name": "Oracle-Linux-8.10-2025.08.31-0",
                "source_type": "IMAGE"
              },
              {
                "image_id": "ocid1.image.oc1.me-riyadh-1.aaaaaaaajn7pdkmavcqwkifq7yo5xkzdiit3cnapa5zwtd3e5p4an4czmdgq",
                "source_name": "Oracle-Linux-8.10-2025.07.31-0",
                "source_type": "IMAGE"
              },
              {
                "image_id": "ocid1.image.oc1.me-riyadh-1.aaaaaaaazgfjnp3nlvrtbktqx6g4bnube4a3l4wbwil22ibtoyyhjo7dytza",
                "source_name": "Oracle-Linux-7.9-aarch64-2024.11.30-0",
                "source_type": "IMAGE"
              },
              {
                "image_id": "ocid1.image.oc1.me-riyadh-1.aaaaaaaa6hoab2x4wr2fuaeebnxtodh6lcte6hvnwwhouvivdr2ilfac742q",
                "source_name": "Oracle-Linux-7.9-aarch64-2024.10.31-0",
                "source_type": "IMAGE"
              },
              {
                "image_id": "ocid1.image.oc1.me-riyadh-1.aaaaaaaaslpou53uejinyweytk2l4yhhn5zvczy67dsdk4yuyhwg74hor7va",
                "source_name": "Oracle-Linux-7.9-aarch64-2024.09.30-0",
                "source_type": "IMAGE"
              },
              {
                "image_id": "ocid1.image.oc1.me-riyadh-1.aaaaaaaabo7khahqugux2ngodengnmtlckbme55hqlemntncjvcmeqbvogaq",
                "source_name": "Oracle-Linux-7.9-Gen2-GPU-2025.07.21-0",
                "source_type": "IMAGE"
              },
              {
                "image_id": "ocid1.image.oc1.me-riyadh-1.aaaaaaaazq6g2rwfudfsy4x7qhw4kezvsp2ni7exb5wytlk3ibyvs7kb7t4a",
                "source_name": "Oracle-Linux-7.9-Gen2-GPU-2025.01.31-0",
                "source_type": "IMAGE"
              },
              {
                "image_id": "ocid1.image.oc1.me-riyadh-1.aaaaaaaamhjch5htx5ma4jshve3x4sd47s7x5sehnqhpqlq4k7il5ik6hxoa",
                "source_name": "Oracle-Linux-7.9-Gen2-GPU-2024.11.30-0",
                "source_type": "IMAGE"
              },
              {
                "image_id": "ocid1.image.oc1.me-riyadh-1.aaaaaaaaz34dfzwdtnwfdxarkkwwg76ehh7ual4twn4hz3coogh77ky3cnqa",
                "source_name": "Oracle-Linux-7.9-2025.07.21-0",
                "source_type": "IMAGE"
              },
              {
                "image_id": "ocid1.image.oc1.me-riyadh-1.aaaaaaaa33zfrp3lbb6neh5ibjrszfzhqt3gqedw7b5yejqbqkl5vxmkax3q",
                "source_name": "Oracle-Linux-7.9-2025.04.16-0",
                "source_type": "IMAGE"
              },
              {
                "image_id": "ocid1.image.oc1.me-riyadh-1.aaaaaaaajkubccfpj6axfm5kslcd7qe7phdjweefd47hg4exmhbrugvipwma",
                "source_name": "Oracle-Linux-7.9-2025.01.31-0",
                "source_type": "IMAGE"
              }
            ]
          },
          "sensitive_attributes": [],
          "identity_schema_version": 0
        }
      ]
    },
    {
      "mode": "data",
      "type": "oci_containerengine_node_pool_option",
      "name": "oke_options_all",
      "provider": "provider[\"registry.terraform.io/oracle/oci\"]",
      "instances": [
        {
          "schema_version": 0,
          "attributes": {
            "compartment_id": null,
            "id": "ContainerengineNodePoolOptionDataSource-1870923232",
            "images": [],
            "kubernetes_versions": [
              "v1.31.1",
              "v1.31.10",
              "v1.32.1",
              "v1.33.0",
              "v1.33.1",
              "v1.34.0",
              "v1.34.1"
            ],
            "node_pool_option_id": "all",
            "shapes": [
              "BM.Standard.A1.160",
              "BM.Standard.E4.128",
              "BM.Standard.E5.192",
              "BM.Standard3.64",
              "VM.Standard.A1.Flex",
              "VM.Standard.E4.Flex",
              "VM.Standard.E5.Flex",
              "VM.Standard3.Flex"
            ],
            "sources": [
              {
                "image_id": "ocid1.image.oc1.me-riyadh-1.aaaaaaaaid23jeodysxiao4mahwi5t2qumy3ofwds4xf6tyemxoc7bg2tzdq",
                "source_name": "Oracle-Linux-8.10-aarch64-2025.09.16-0-OKE-1.34.1-1330",
                "source_type": "IMAGE"
              },
              {
                "image_id": "ocid1.image.oc1.me-riyadh-1.aaaaaaaaqsg6kz5jtrri5wji3pemj2mipbhkavmo3zpwcscg47egyegszyjq",
                "source_name": "Oracle-Linux-8.10-aarch64-2025.09.16-0-OKE-1.33.1-1330",
                "source_type": "IMAGE"
              },
              {
                "image_id": "ocid1.image.oc1.me-riyadh-1.aaaaaaaacuf6xlgyfk75ktxyycibb5dvo4b6jrpu4olhgs5cjdbjz3cxaoja",
                "source_name": "Oracle-Linux-8.10-aarch64-2025.09.16-0-OKE-1.32.1-1330",
                "source_type": "IMAGE"
              },
              {
                "image_id": "ocid1.image.oc1.me-riyadh-1.aaaaaaaaaa3r5dqoxhxawazjz22zkshfxywzqmgorjn4d23kb3amkvyld76a",
                "source_name": "Oracle-Linux-8.10-aarch64-2025.09.16-0-OKE-1.31.10-1330",
                "source_type": "IMAGE"
              },
              {
                "image_id": "ocid1.image.oc1.me-riyadh-1.aaaaaaaafov6o4kujfyqjfweeoq5ukbjlx27dgg6i7azen5mjt6oa3epbata",
                "source_name": "Oracle-Linux-8.10-aarch64-2025.08.31-0-OKE-1.34.1-1191",
                "source_type": "IMAGE"
              },
              {
                "image_id": "ocid1.image.oc1.me-riyadh-1.aaaaaaaazr6ca4tzqmxr4i662dkyvx2ssgczrzjho7g2khyk7sa7rgtirdja",
                "source_name": "Oracle-Linux-8.10-aarch64-2025.08.31-0-OKE-1.33.1-1191",
                "source_type": "IMAGE"
              },
              {
                "image_id": "ocid1.image.oc1.me-riyadh-1.aaaaaaaamtxrztdjrg42bfrvozawxqyjull2q5x4izhq2yv3joamq3huoqvq",
                "source_name": "Oracle-Linux-8.10-aarch64-2025.08.31-0-OKE-1.32.1-1191",
                "source_type": "IMAGE"
              },
              {
                "image_id": "ocid1.image.oc1.me-riyadh-1.aaaaaaaagmosxxq5ayuu7uwkqjfakqzyryg6wnaa7dwwh4xgterthsgp75wa",
                "source_name": "Oracle-Linux-8.10-aarch64-2025.08.31-0-OKE-1.31.10-1191",
                "source_type": "IMAGE"
              },
              {
                "image_id": "ocid1.image.oc1.me-riyadh-1.aaaaaaaapjdsj6laijnbyplhdy4fndo77szx4aajguybeuktjrznu646f7ba",
                "source_name": "Oracle-Linux-8.10-aarch64-2025.07.21-0-OKE-1.33.1-967",
                "source_type": "IMAGE"
              },
              {
                "image_id": "ocid1.image.oc1.me-riyadh-1.aaaaaaaap7nxut4zds5wwrb5h26mkvs5zhmk2qpiwbs4y6nw2jfcs2q6sqkq",
                "source_name": "Oracle-Linux-8.10-aarch64-2025.07.21-0-OKE-1.32.1-967",
                "source_type": "IMAGE"
              },
              {
                "image_id": "ocid1.image.oc1.me-riyadh-1.aaaaaaaaafxovcwk42fkj46u236io2tnf63y4t5t6om7txaaotzxeyhsm56q",
                "source_name": "Oracle-Linux-8.10-aarch64-2025.07.21-0-OKE-1.31.10-967",
                "source_type": "IMAGE"
              },
              {
                "image_id": "ocid1.image.oc1.me-riyadh-1.aaaaaaaawgi4vpcvdefzf73vkdyshsxfomcdeifuxnccty4ohvvg72tjo4mq",
                "source_name": "Oracle-Linux-8.10-aarch64-2025.05.19-0-OKE-1.31.1-804",
                "source_type": "IMAGE"
              },
              {
                "image_id": "ocid1.image.oc1.me-riyadh-1.aaaaaaaatsp47thz5aaelvqmwnmocqgq5s3eqbj4pnfs7ggir3pqxsaeqama",
                "source_name": "Oracle-Linux-8.10-aarch64-2025.05.19-0-OKE-1.31.1-764",
                "source_type": "IMAGE"
              },
              {
                "image_id": "ocid1.image.oc1.me-riyadh-1.aaaaaaaaw5yb7fu5rux2wy245n5zdvmxkmtc4mtjqhvzoxaukxjgbtxsee6a",
                "source_name": "Oracle-Linux-8.10-aarch64-2025.02.28-0-OKE-1.31.1-760",
                "source_type": "IMAGE"
              },
              {
                "image_id": "ocid1.image.oc1.me-riyadh-1.aaaaaaaaviuedwrxsms3dgb465ptm5ggvas6kk76hdxokex7lmlwkekfm5oa",
                "source_name": "Oracle-Linux-8.10-Gen2-GPU-2025.09.16-0-OKE-1.34.1-1330",
                "source_type": "IMAGE"
              },
              {
                "image_id": "ocid1.image.oc1.me-riyadh-1.aaaaaaaa6iwatavi5cz457djxxbbpvu3aroviehldoahncf26htomezljuua",
                "source_name": "Oracle-Linux-8.10-Gen2-GPU-2025.09.16-0-OKE-1.33.1-1330",
                "source_type": "IMAGE"
              },
              {
                "image_id": "ocid1.image.oc1.me-riyadh-1.aaaaaaaakkjn2jvfnd7ntvtcephrqsbkn72aal7lyyxmopqt4z2ybflsjtga",
                "source_name": "Oracle-Linux-8.10-Gen2-GPU-2025.09.16-0-OKE-1.32.1-1330",
                "source_type": "IMAGE"
              },
              {
                "image_id": "ocid1.image.oc1.me-riyadh-1.aaaaaaaae2vsuvlfxrimbjsouip4bzpmm3irlqmuawgbvctay56bbn5t4rrq",
                "source_name": "Oracle-Linux-8.10-Gen2-GPU-2025.09.16-0-OKE-1.31.10-1330",
                "source_type": "IMAGE"
              },
              {
                "image_id": "ocid1.image.oc1.me-riyadh-1.aaaaaaaagkzko3ikeghg3o45eke46wty75wzl474ggwl6w3yoryv5bw3xsqq",
                "source_name": "Oracle-Linux-8.10-Gen2-GPU-2025.08.31-0-OKE-1.34.1-1191",
                "source_type": "IMAGE"
              },
              {
                "image_id": "ocid1.image.oc1.me-riyadh-1.aaaaaaaarf5met7ugsukfxirbera4yufckbmzkyzzlntlhteyi2kxr2zy62a",
                "source_name": "Oracle-Linux-8.10-Gen2-GPU-2025.08.31-0-OKE-1.33.1-1191",
                "source_type": "IMAGE"
              },
              {
                "image_id": "ocid1.image.oc1.me-riyadh-1.aaaaaaaamwv5fke46cgaxn4q4cci5pq4bwu6ratsgxpy7jbv56k4wtw7dc4q",
                "source_name": "Oracle-Linux-8.10-Gen2-GPU-2025.08.31-0-OKE-1.32.1-1191",
                "source_type": "IMAGE"
              },
              {
                "image_id": "ocid1.image.oc1.me-riyadh-1.aaaaaaaa2uzfmqsxmrs7hs7vtnos5g4urep4srxacfxmworn4qjyqn4nifkq",
                "source_name": "Oracle-Linux-8.10-Gen2-GPU-2025.08.31-0-OKE-1.31.10-1191",
                "source_type": "IMAGE"
              },
              {
                "image_id": "ocid1.image.oc1.me-riyadh-1.aaaaaaaa7ajworud4xkp4go3pwhgryb4y3g62ax7gtosyyutxxwxx4vg3gxq",
                "source_name": "Oracle-Linux-8.10-Gen2-GPU-2025.07.21-0-OKE-1.33.1-967",
                "source_type": "IMAGE"
              },
              {
                "image_id": "ocid1.image.oc1.me-riyadh-1.aaaaaaaaxv4uokxzbutrasuqvdywhmcwer77xttiapkfmz4vvyglwu7teo6q",
                "source_name": "Oracle-Linux-8.10-Gen2-GPU-2025.07.21-0-OKE-1.32.1-967",
                "source_type": "IMAGE"
              },
              {
                "image_id": "ocid1.image.oc1.me-riyadh-1.aaaaaaaas5ztnymze3iguc4zx7a7z7zt7wynfmk573s7e5iatq6bipphikwq",
                "source_name": "Oracle-Linux-8.10-Gen2-GPU-2025.07.21-0-OKE-1.31.10-967",
                "source_type": "IMAGE"
              },
              {
                "image_id": "ocid1.image.oc1.me-riyadh-1.aaaaaaaasrivp6z35lkj7arzlguk4t2i5rzejnm3ib33vmsj5n4astl2c6ya",
                "source_name": "Oracle-Linux-8.10-Gen2-GPU-2025.05.19-0-OKE-1.31.1-804",
                "source_type": "IMAGE"
              },
              {
                "image_id": "ocid1.image.oc1.me-riyadh-1.aaaaaaaazugjui7n2wagooxunenurb4zjrfywrtamscfcrak3csvijvvvqnq",
                "source_name": "Oracle-Linux-8.10-Gen2-GPU-2025.05.19-0-OKE-1.31.1-764",
                "source_type": "IMAGE"
              },
              {
                "image_id": "ocid1.image.oc1.me-riyadh-1.aaaaaaaaodrtd5bdfdkjebtqdbmaaypbaouhmegvmf4grxdnnn2sz5bmv2hq",
                "source_name": "Oracle-Linux-8.10-Gen2-GPU-2025.02.28-0-OKE-1.31.1-760",
                "source_type": "IMAGE"
              },
              {
                "image_id": "ocid1.image.oc1.me-riyadh-1.aaaaaaaaldhch77khh2q25eyyklzhzjebepe2ggi53poj75oj6up3zre4wvq",
                "source_name": "Oracle-Linux-8.10-2025.09.16-0-OKE-1.34.1-1330",
                "source_type": "IMAGE"
              },
              {
                "image_id": "ocid1.image.oc1.me-riyadh-1.aaaaaaaai65eg6wydtl6w3r7c6d7fw7pbtauf4xvhcioga7uxulxlplmncoa",
                "source_name": "Oracle-Linux-8.10-2025.09.16-0-OKE-1.33.1-1330",
                "source_type": "IMAGE"
              },
              {
                "image_id": "ocid1.image.oc1.me-riyadh-1.aaaaaaaa3yr3g6esmoecrnxk2qxqt5dkoj5rj4ypvd3fa4vmymqxdtpdhxga",
                "source_name": "Oracle-Linux-8.10-2025.09.16-0-OKE-1.32.1-1330",
                "source_type": "IMAGE"
              },
              {
                "image_id": "ocid1.image.oc1.me-riyadh-1.aaaaaaaasxv4nebgcbpof5gljt6ptsrzuqh3prhoebemaicqzhvrnksmgmsa",
                "source_name": "Oracle-Linux-8.10-2025.09.16-0-OKE-1.31.10-1330",
                "source_type": "IMAGE"
              },
              {
                "image_id": "ocid1.image.oc1.me-riyadh-1.aaaaaaaabtg343bwwvsy26wk7enq3diyk4ffwia44bzo43jmcgkeio5cwmwq",
                "source_name": "Oracle-Linux-8.10-2025.08.31-0-OKE-1.34.1-1191",
                "source_type": "IMAGE"
              },
              {
                "image_id": "ocid1.image.oc1.me-riyadh-1.aaaaaaaadhqas4emupxhivyb4hgvl2mgnvcbfsi3nnjrtrxxwxvb2b5te6ca",
                "source_name": "Oracle-Linux-8.10-2025.08.31-0-OKE-1.33.1-1191",
                "source_type": "IMAGE"
              },
              {
                "image_id": "ocid1.image.oc1.me-riyadh-1.aaaaaaaaiqhy6zxpnjv4oupzhtw65ncawyj73ebvw6ssvepgxcki3gxf535a",
                "source_name": "Oracle-Linux-8.10-2025.08.31-0-OKE-1.32.1-1191",
                "source_type": "IMAGE"
              },
              {
                "image_id": "ocid1.image.oc1.me-riyadh-1.aaaaaaaa7ybqgbkt2loqy4xttgemppryi5vvmvgk2ccxtcgm5uiddhq5pvca",
                "source_name": "Oracle-Linux-8.10-2025.08.31-0-OKE-1.31.10-1191",
                "source_type": "IMAGE"
              },
              {
                "image_id": "ocid1.image.oc1.me-riyadh-1.aaaaaaaacba5p7ds3jae2hfe5rbw7kelmrswp5q44if3eexzshep2j52nwgq",
                "source_name": "Oracle-Linux-8.10-2025.07.21-0-OKE-1.33.1-967",
                "source_type": "IMAGE"
              },
              {
                "image_id": "ocid1.image.oc1.me-riyadh-1.aaaaaaaap63yn3rnnxpckubby2vqd46qy2krfchl23cu4zfpk2oyjrocmffa",
                "source_name": "Oracle-Linux-8.10-2025.07.21-0-OKE-1.32.1-967",
                "source_type": "IMAGE"
              },
              {
                "image_id": "ocid1.image.oc1.me-riyadh-1.aaaaaaaad3eq6eqeenf5v6oxuc22t7q6khq45jnpfzz6wffxcxuozgmbyubq",
                "source_name": "Oracle-Linux-8.10-2025.07.21-0-OKE-1.31.10-967",
                "source_type": "IMAGE"
              },
              {
                "image_id": "ocid1.image.oc1.me-riyadh-1.aaaaaaaabpumbcn7mj7fpiag7xavugy2myprnmnanpgwaw47q7meszjei56a",
                "source_name": "Oracle-Linux-8.10-2025.05.19-0-OKE-1.31.1-804",
                "source_type": "IMAGE"
              },
              {
                "image_id": "ocid1.image.oc1.me-riyadh-1.aaaaaaaa3kdhy6bbrblved24gtjg5zmmpitufwhuyotopswh4pedpbiz7vqq",
                "source_name": "Oracle-Linux-8.10-2025.05.19-0-OKE-1.31.1-764",
                "source_type": "IMAGE"
              },
              {
                "image_id": "ocid1.image.oc1.me-riyadh-1.aaaaaaaa6gs53eqkdwzuoenheqqn2ixckoufm2dfsequp3txhv5vi2fyaj4q",
                "source_name": "Oracle-Linux-8.10-2025.02.28-0-OKE-1.31.1-760",
                "source_type": "IMAGE"
              },
              {
                "image_id": "ocid1.image.oc1.me-riyadh-1.aaaaaaaa6zgd6336wlqhmor5o7dhbp4jsxtsupalstbclf7mhb47fv22tikq",
                "source_name": "Oracle-Linux-7.9-aarch64-2024.11.30-0-OKE-1.34.1-1330",
                "source_type": "IMAGE"
              },
              {
                "image_id": "ocid1.image.oc1.me-riyadh-1.aaaaaaaaqtilraaq4pi7cam5gylri622haapmo26ocr42jiy7zq7cy6lrceq",
                "source_name": "Oracle-Linux-7.9-aarch64-2024.11.30-0-OKE-1.34.1-1191",
                "source_type": "IMAGE"
              },
              {
                "image_id": "ocid1.image.oc1.me-riyadh-1.aaaaaaaahuffj5sn7w7alfwzgmwaemg7x7rjgoz4ca4bawx6myed32aztfzq",
                "source_name": "Oracle-Linux-7.9-aarch64-2024.11.30-0-OKE-1.33.1-967",
                "source_type": "IMAGE"
              },
              {
                "image_id": "ocid1.image.oc1.me-riyadh-1.aaaaaaaavxobjipqvdwwsbxzwxpiienigeillax5widveqgoddrmj2dhlnmq",
                "source_name": "Oracle-Linux-7.9-aarch64-2024.11.30-0-OKE-1.33.1-1330",
                "source_type": "IMAGE"
              },
              {
                "image_id": "ocid1.image.oc1.me-riyadh-1.aaaaaaaai2p3cmcvx5ikvfipzzaxgrjage46wdbf3bsfd7a7j3tjn23y3eza",
                "source_name": "Oracle-Linux-7.9-aarch64-2024.11.30-0-OKE-1.33.1-1191",
                "source_type": "IMAGE"
              },
              {
                "image_id": "ocid1.image.oc1.me-riyadh-1.aaaaaaaav4b5ld2j4bxwfgfmrbluygbyanjxl2xhjb76zif2bzsy4ud25iqa",
                "source_name": "Oracle-Linux-7.9-aarch64-2024.11.30-0-OKE-1.32.1-967",
                "source_type": "IMAGE"
              },
              {
                "image_id": "ocid1.image.oc1.me-riyadh-1.aaaaaaaa7gbr5lxbrcntsiyazmpzbgswru5ypfm4shukdchg6mjxydm5ebha",
                "source_name": "Oracle-Linux-7.9-aarch64-2024.11.30-0-OKE-1.32.1-1330",
                "source_type": "IMAGE"
              },
              {
                "image_id": "ocid1.image.oc1.me-riyadh-1.aaaaaaaatu6xfyzk2rruxvr43y5wxg5q4jqbn2iogtj2z2ehx5wsdbkruwyq",
                "source_name": "Oracle-Linux-7.9-aarch64-2024.11.30-0-OKE-1.32.1-1191",
                "source_type": "IMAGE"
              },
              {
                "image_id": "ocid1.image.oc1.me-riyadh-1.aaaaaaaa2u34vvkt4xgswuuqcm44sxan5ehbytihokiyy2km7mgqbo47wwpa",
                "source_name": "Oracle-Linux-7.9-aarch64-2024.11.30-0-OKE-1.31.10-967",
                "source_type": "IMAGE"
              },
              {
                "image_id": "ocid1.image.oc1.me-riyadh-1.aaaaaaaalibmkk4mmnf4u6qcqtju4j3vdab72dgvdlk3bwjxpqdc5l4ah2qq",
                "source_name": "Oracle-Linux-7.9-aarch64-2024.11.30-0-OKE-1.31.10-1330",
                "source_type": "IMAGE"
              },
              {
                "image_id": "ocid1.image.oc1.me-riyadh-1.aaaaaaaa2whsnf6aiif2webpqshfqrtqoi3tud3dk5cdqdqz7cew5djav5zq",
                "source_name": "Oracle-Linux-7.9-aarch64-2024.11.30-0-OKE-1.31.10-1191",
                "source_type": "IMAGE"
              },
              {
                "image_id": "ocid1.image.oc1.me-riyadh-1.aaaaaaaarb2ectkxsf5edba2g3dkvthmw5dswm6gydbvun4jert3w6vg3p4a",
                "source_name": "Oracle-Linux-7.9-aarch64-2024.11.30-0-OKE-1.31.1-804",
                "source_type": "IMAGE"
              },
              {
                "image_id": "ocid1.image.oc1.me-riyadh-1.aaaaaaaafqu6ydmeeudqs6hx3lehcqjm46rfgkdocuayxzeglau6xo7ltdka",
                "source_name": "Oracle-Linux-7.9-aarch64-2024.11.30-0-OKE-1.31.1-764",
                "source_type": "IMAGE"
              },
              {
                "image_id": "ocid1.image.oc1.me-riyadh-1.aaaaaaaavesuybuh2wijgpn6brzajiqs6jj3yoizkeyfnxjd3lnha4f7w3pq",
                "source_name": "Oracle-Linux-7.9-aarch64-2024.11.30-0-OKE-1.31.1-760",
                "source_type": "IMAGE"
              },
              {
                "image_id": "ocid1.image.oc1.me-riyadh-1.aaaaaaaacdhe7fssxlgzu7triwsfkvp4zosz5stdqfens6nbyve7lvbfkauq",
                "source_name": "Oracle-Linux-7.9-Gen2-GPU-2025.07.21-0-OKE-1.34.1-1330",
                "source_type": "IMAGE"
              },
              {
                "image_id": "ocid1.image.oc1.me-riyadh-1.aaaaaaaa6zkcgnavf4ssbjb3umq4czpx6rrlnlacqtfauxrxrispnl7jus3a",
                "source_name": "Oracle-Linux-7.9-Gen2-GPU-2025.07.21-0-OKE-1.34.1-1191",
                "source_type": "IMAGE"
              },
              {
                "image_id": "ocid1.image.oc1.me-riyadh-1.aaaaaaaafonkdwhn7eu7aqgi7sd4t5g2sy2w3qcpj5hop64oalixv7kowf3a",
                "source_name": "Oracle-Linux-7.9-Gen2-GPU-2025.07.21-0-OKE-1.33.1-967",
                "source_type": "IMAGE"
              },
              {
                "image_id": "ocid1.image.oc1.me-riyadh-1.aaaaaaaaitxtibdwc2ts7elg26qgta2kq3hjip462uet7mwjxdzot275dusa",
                "source_name": "Oracle-Linux-7.9-Gen2-GPU-2025.07.21-0-OKE-1.33.1-1330",
                "source_type": "IMAGE"
              },
              {
                "image_id": "ocid1.image.oc1.me-riyadh-1.aaaaaaaay5q3c6sa7m6pqkjpahtjbsbcljlsy3juh63yn4fyx6ktpke4dy6a",
                "source_name": "Oracle-Linux-7.9-Gen2-GPU-2025.07.21-0-OKE-1.33.1-1191",
                "source_type": "IMAGE"
              },
              {
                "image_id": "ocid1.image.oc1.me-riyadh-1.aaaaaaaayrsnulxgrypva3cnwc7sxczkhxalnqhmgzqq5bbgn7drcnnxryba",
                "source_name": "Oracle-Linux-7.9-Gen2-GPU-2025.07.21-0-OKE-1.32.1-967",
                "source_type": "IMAGE"
              },
              {
                "image_id": "ocid1.image.oc1.me-riyadh-1.aaaaaaaaz7wypawxcdr5xxm67puc323uuyqbxalkij4g46mjbeqai4cizprq",
                "source_name": "Oracle-Linux-7.9-Gen2-GPU-2025.07.21-0-OKE-1.32.1-1330",
                "source_type": "IMAGE"
              },
              {
                "image_id": "ocid1.image.oc1.me-riyadh-1.aaaaaaaa25eomm5z7ppqhyvalfgjn3qgfzmw7mueglbnqou66bo4moxhkxxa",
                "source_name": "Oracle-Linux-7.9-Gen2-GPU-2025.07.21-0-OKE-1.32.1-1191",
                "source_type": "IMAGE"
              },
              {
                "image_id": "ocid1.image.oc1.me-riyadh-1.aaaaaaaaosjlf6nleri7hu63prnzuz22m6ijafg7j423ek3fhfxmvwxvmjuq",
                "source_name": "Oracle-Linux-7.9-Gen2-GPU-2025.07.21-0-OKE-1.31.10-967",
                "source_type": "IMAGE"
              },
              {
                "image_id": "ocid1.image.oc1.me-riyadh-1.aaaaaaaad67gmso6kuuy6f74ihxszqnbcctmn6qvgxcep7runsj4lzxahtxa",
                "source_name": "Oracle-Linux-7.9-Gen2-GPU-2025.07.21-0-OKE-1.31.10-1330",
                "source_type": "IMAGE"
              },
              {
                "image_id": "ocid1.image.oc1.me-riyadh-1.aaaaaaaajz5yqxsrhcey3ij3uxeju2phd7vg5qpphdnwkbrkic5l3hlinngq",
                "source_name": "Oracle-Linux-7.9-Gen2-GPU-2025.07.21-0-OKE-1.31.10-1191",
                "source_type": "IMAGE"
              },
              {
                "image_id": "ocid1.image.oc1.me-riyadh-1.aaaaaaaahpghfkhjunan76pdq4zp4fshprmaod7o6hmma4iilxbqtbtselzq",
                "source_name": "Oracle-Linux-7.9-Gen2-GPU-2025.01.31-0-OKE-1.31.1-804",
                "source_type": "IMAGE"
              },
              {
                "image_id": "ocid1.image.oc1.me-riyadh-1.aaaaaaaavvvbkkwqtw4pv2y3qbvwuzdlawfhup265k6bixjbf2i4znpgvdxq",
                "source_name": "Oracle-Linux-7.9-Gen2-GPU-2025.01.31-0-OKE-1.31.1-764",
                "source_type": "IMAGE"
              },
              {
                "image_id": "ocid1.image.oc1.me-riyadh-1.aaaaaaaa2s4vscylhn7c5sgs33mgg3sirplqundxahhcpsbs72bsnszmh5ma",
                "source_name": "Oracle-Linux-7.9-Gen2-GPU-2025.01.31-0-OKE-1.31.1-760",
                "source_type": "IMAGE"
              },
              {
                "image_id": "ocid1.image.oc1.me-riyadh-1.aaaaaaaavritjwppakbbs7lfvobayasyzrcnq6kytnycsfwwsfpkpfevjama",
                "source_name": "Oracle-Linux-7.9-2025.07.21-0-OKE-1.34.1-1330",
                "source_type": "IMAGE"
              },
              {
                "image_id": "ocid1.image.oc1.me-riyadh-1.aaaaaaaarqxlwpit4zrusbyfcxkrtikysuufooqr3fy3b7i7ic6f7oxvgxlq",
                "source_name": "Oracle-Linux-7.9-2025.07.21-0-OKE-1.34.1-1191",
                "source_type": "IMAGE"
              },
              {
                "image_id": "ocid1.image.oc1.me-riyadh-1.aaaaaaaadncssv6lxh4eupnj3bp6o2iack3uvwdrslnnwcsnvahxbjkdlvaq",
                "source_name": "Oracle-Linux-7.9-2025.07.21-0-OKE-1.33.1-967",
                "source_type": "IMAGE"
              },
              {
                "image_id": "ocid1.image.oc1.me-riyadh-1.aaaaaaaanz5yfami3tonzql323ckwdgzcdfb6diksv6pgha64eniz3v32sua",
                "source_name": "Oracle-Linux-7.9-2025.07.21-0-OKE-1.33.1-1330",
                "source_type": "IMAGE"
              },
              {
                "image_id": "ocid1.image.oc1.me-riyadh-1.aaaaaaaakebpdjetgu64rlew2msa4jeglxw34to2kz4h3wr3km3ycwvzcf6q",
                "source_name": "Oracle-Linux-7.9-2025.07.21-0-OKE-1.33.1-1191",
                "source_type": "IMAGE"
              },
              {
                "image_id": "ocid1.image.oc1.me-riyadh-1.aaaaaaaajrnzb3q4s7jltomh7zmizh5q32dwoz4srcl2gcpfv2csrqe3fikq",
                "source_name": "Oracle-Linux-7.9-2025.07.21-0-OKE-1.32.1-967",
                "source_type": "IMAGE"
              },
              {
                "image_id": "ocid1.image.oc1.me-riyadh-1.aaaaaaaaj2dwp2yzbwnxgkhxzyfjgps57wnenyotydea7dbkv2fik3w6ih4q",
                "source_name": "Oracle-Linux-7.9-2025.07.21-0-OKE-1.32.1-1330",
                "source_type": "IMAGE"
              },
              {
                "image_id": "ocid1.image.oc1.me-riyadh-1.aaaaaaaa3fxiieq47ypbc2redjy35br2gvzhn77pjqdulftahunxzvmsex2q",
                "source_name": "Oracle-Linux-7.9-2025.07.21-0-OKE-1.32.1-1191",
                "source_type": "IMAGE"
              },
              {
                "image_id": "ocid1.image.oc1.me-riyadh-1.aaaaaaaajdyzvnewzmmb4i6fblsuk5ahovqvwbkrfhnrtgaqixyycsvvx5xa",
                "source_name": "Oracle-Linux-7.9-2025.07.21-0-OKE-1.31.10-967",
                "source_type": "IMAGE"
              },
              {
                "image_id": "ocid1.image.oc1.me-riyadh-1.aaaaaaaaibz5tltccg2bfusgli2l4kd7o6kekpmymjpvj5rxtx5nddmf6dwq",
                "source_name": "Oracle-Linux-7.9-2025.07.21-0-OKE-1.31.10-1330",
                "source_type": "IMAGE"
              },
              {
                "image_id": "ocid1.image.oc1.me-riyadh-1.aaaaaaaa6bypvmfpm3w3sjcoexzhu7nmnekrlehk25vittilakfz3bf23lza",
                "source_name": "Oracle-Linux-7.9-2025.07.21-0-OKE-1.31.10-1191",
                "source_type": "IMAGE"
              },
              {
                "image_id": "ocid1.image.oc1.me-riyadh-1.aaaaaaaaz7rejqtmao4vfqnwplqb2vy2emc4qpdrdjs5zte5afo5mjgbjlhq",
                "source_name": "Oracle-Linux-7.9-2025.04.16-0-OKE-1.31.1-804",
                "source_type": "IMAGE"
              },
              {
                "image_id": "ocid1.image.oc1.me-riyadh-1.aaaaaaaanajv2touwk6haope4wue6kclu3ejwaneerqunqocvqdnkqlhfepa",
                "source_name": "Oracle-Linux-7.9-2025.04.16-0-OKE-1.31.1-764",
                "source_type": "IMAGE"
              },
              {
                "image_id": "ocid1.image.oc1.me-riyadh-1.aaaaaaaapt2v73vozxnme25enmdxcglstl5n7mcz35vurqkzc4ippy4mmmfa",
                "source_name": "Oracle-Linux-7.9-2025.01.31-0-OKE-1.31.1-760",
                "source_type": "IMAGE"
              },
              {
                "image_id": "ocid1.image.oc1.me-riyadh-1.aaaaaaaa4phu3jwm6duubzbqq4he6xj5q54xscx4cp47ulfcrivk5fmrlnya",
                "source_name": "Oracle-Linux-8.10-aarch64-2025.09.16-0",
                "source_type": "IMAGE"
              },
              {
                "image_id": "ocid1.image.oc1.me-riyadh-1.aaaaaaaayiv4iykl7p7yqbzg5s7es4ozvgjntpr5v7cezuzwm5mqgbrm7l4a",
                "source_name": "Oracle-Linux-8.10-aarch64-2025.08.31-0",
                "source_type": "IMAGE"
              },
              {
                "image_id": "ocid1.image.oc1.me-riyadh-1.aaaaaaaaxlsazfntwrf2zq6nfn4t3wypkalmmbwc7md3b3c6ohnu6y2iyuta",
                "source_name": "Oracle-Linux-8.10-aarch64-2025.07.31-0",
                "source_type": "IMAGE"
              },
              {
                "image_id": "ocid1.image.oc1.me-riyadh-1.aaaaaaaajbs2bzx4sr2hgsgdbmwdo3qbsm6d42x6y3gtavwbxd6f3f74l35a",
                "source_name": "Oracle-Linux-8.10-Gen2-GPU-2025.09.16-0",
                "source_type": "IMAGE"
              },
              {
                "image_id": "ocid1.image.oc1.me-riyadh-1.aaaaaaaawswvkqfsb3ltb3hwnuynhmupz3ix7x5et7c7e6oqkqif4etaznla",
                "source_name": "Oracle-Linux-8.10-Gen2-GPU-2025.08.31-0",
                "source_type": "IMAGE"
              },
              {
                "image_id": "ocid1.image.oc1.me-riyadh-1.aaaaaaaayzntr5yywuwnyh7ym4654zmpqqen6ncvnjmexgqorupuacgffbjq",
                "source_name": "Oracle-Linux-8.10-Gen2-GPU-2025.07.31-0",
                "source_type": "IMAGE"
              },
              {
                "image_id": "ocid1.image.oc1.me-riyadh-1.aaaaaaaaal5hdepfjdaohjvhqloli2a2wnp2f2zuy7xhjyfwd3ymmbyjzreq",
                "source_name": "Oracle-Linux-8.10-Gen2-AMD-GPU-2025.08.31-0",
                "source_type": "IMAGE"
              },
              {
                "image_id": "ocid1.image.oc1.me-riyadh-1.aaaaaaaa4fmngrlbmz2rw627uaniy4u73q3tmszhbsa6yddkwa53c3tfaekq",
                "source_name": "Oracle-Linux-8.10-Gen2-AMD-GPU-2024.08.31-0",
                "source_type": "IMAGE"
              },
              {
                "image_id": "ocid1.image.oc1.me-riyadh-1.aaaaaaaa7vzwcqoh4a3keewvy6fjceeyfhv3g5e77voblca2x565btkgyjxq",
                "source_name": "Oracle-Linux-8.10-2025.09.16-0",
                "source_type": "IMAGE"
              },
              {
                "image_id": "ocid1.image.oc1.me-riyadh-1.aaaaaaaaj2iix7bmacxlgzczgc45mum7ixkcrlgonkwpowhwlxgwhiagi2ia",
                "source_name": "Oracle-Linux-8.10-2025.08.31-0",
                "source_type": "IMAGE"
              },
              {
                "image_id": "ocid1.image.oc1.me-riyadh-1.aaaaaaaajn7pdkmavcqwkifq7yo5xkzdiit3cnapa5zwtd3e5p4an4czmdgq",
                "source_name": "Oracle-Linux-8.10-2025.07.31-0",
                "source_type": "IMAGE"
              },
              {
                "image_id": "ocid1.image.oc1.me-riyadh-1.aaaaaaaazgfjnp3nlvrtbktqx6g4bnube4a3l4wbwil22ibtoyyhjo7dytza",
                "source_name": "Oracle-Linux-7.9-aarch64-2024.11.30-0",
                "source_type": "IMAGE"
              },
              {
                "image_id": "ocid1.image.oc1.me-riyadh-1.aaaaaaaa6hoab2x4wr2fuaeebnxtodh6lcte6hvnwwhouvivdr2ilfac742q",
                "source_name": "Oracle-Linux-7.9-aarch64-2024.10.31-0",
                "source_type": "IMAGE"
              },
              {
                "image_id": "ocid1.image.oc1.me-riyadh-1.aaaaaaaaslpou53uejinyweytk2l4yhhn5zvczy67dsdk4yuyhwg74hor7va",
                "source_name": "Oracle-Linux-7.9-aarch64-2024.09.30-0",
                "source_type": "IMAGE"
              },
              {
                "image_id": "ocid1.image.oc1.me-riyadh-1.aaaaaaaabo7khahqugux2ngodengnmtlckbme55hqlemntncjvcmeqbvogaq",
                "source_name": "Oracle-Linux-7.9-Gen2-GPU-2025.07.21-0",
                "source_type": "IMAGE"
              },
              {
                "image_id": "ocid1.image.oc1.me-riyadh-1.aaaaaaaazq6g2rwfudfsy4x7qhw4kezvsp2ni7exb5wytlk3ibyvs7kb7t4a",
                "source_name": "Oracle-Linux-7.9-Gen2-GPU-2025.01.31-0",
                "source_type": "IMAGE"
              },
              {
                "image_id": "ocid1.image.oc1.me-riyadh-1.aaaaaaaamhjch5htx5ma4jshve3x4sd47s7x5sehnqhpqlq4k7il5ik6hxoa",
                "source_name": "Oracle-Linux-7.9-Gen2-GPU-2024.11.30-0",
                "source_type": "IMAGE"
              },
              {
                "image_id": "ocid1.image.oc1.me-riyadh-1.aaaaaaaaz34dfzwdtnwfdxarkkwwg76ehh7ual4twn4hz3coogh77ky3cnqa",
                "source_name": "Oracle-Linux-7.9-2025.07.21-0",
                "source_type": "IMAGE"
              },
              {
                "image_id": "ocid1.image.oc1.me-riyadh-1.aaaaaaaa33zfrp3lbb6neh5ibjrszfzhqt3gqedw7b5yejqbqkl5vxmkax3q",
                "source_name": "Oracle-Linux-7.9-2025.04.16-0",
                "source_type": "IMAGE"
              },
              {
                "image_id": "ocid1.image.oc1.me-riyadh-1.aaaaaaaajkubccfpj6axfm5kslcd7qe7phdjweefd47hg4exmhbrugvipwma",
                "source_name": "Oracle-Linux-7.9-2025.01.31-0",
                "source_type": "IMAGE"
              }
            ]
          },
          "sensitive_attributes": [],
          "identity_schema_version": 0
        }
      ]
    },
    {
      "mode": "data",
      "type": "oci_core_images",
      "name": "oke_ol8",
      "provider": "provider[\"registry.terraform.io/oracle/oci\"]",
      "instances": [
        {
          "schema_version": 0,
          "attributes": {
            "compartment_id": "ocid1.tenancy.oc1..aaaaaaaaegvb6u3dsf3iqdyzuancx2keko5uo77vaslsoiktxqowozgmqoyq",
            "display_name": null,
            "filter": [
              {
                "name": "display_name",
                "regex": true,
                "values": [
                  "Oracle-Linux-8-*-OKE-*"
                ]
              }
            ],
            "id": "CoreImagesDataSource-330470773",
            "images": [],
            "operating_system": "Oracle Linux",
            "operating_system_version": "8",
            "shape": null,
            "sort_by": "TIMECREATED",
            "sort_order": "DESC",
            "state": null
          },
          "sensitive_attributes": [],
          "identity_schema_version": 0
        }
      ]
    },
    {
      "mode": "data",
      "type": "oci_core_images",
      "name": "oke_ol9",
      "provider": "provider[\"registry.terraform.io/oracle/oci\"]",
      "instances": [
        {
          "schema_version": 0,
          "attributes": {
            "compartment_id": "ocid1.tenancy.oc1..aaaaaaaaegvb6u3dsf3iqdyzuancx2keko5uo77vaslsoiktxqowozgmqoyq",
            "display_name": null,
            "filter": [
              {
                "name": "display_name",
                "regex": true,
                "values": [
                  "Oracle-Linux-9-*-OKE-*"
                ]
              }
            ],
            "id": "CoreImagesDataSource-3293582637",
            "images": [],
            "operating_system": "Oracle Linux",
            "operating_system_version": "9",
            "shape": null,
            "sort_by": "TIMECREATED",
            "sort_order": "DESC",
            "state": null
          },
          "sensitive_attributes": [],
          "identity_schema_version": 0
        }
      ]
    },
    {
      "mode": "data",
      "type": "oci_identity_availability_domains",
      "name": "ads",
      "provider": "provider[\"registry.terraform.io/oracle/oci\"]",
      "instances": [
        {
          "schema_version": 0,
          "attributes": {
            "availability_domains": [
              {
                "compartment_id": "ocid1.tenancy.oc1..aaaaaaaaegvb6u3dsf3iqdyzuancx2keko5uo77vaslsoiktxqowozgmqoyq",
                "id": "ocid1.availabilitydomain.oc1..aaaaaaaazx2w77zfjs5aid2ooqk233vbpbge556xkg55quwvq2bq55qcwzjq",
                "name": "RdGD:ME-RIYADH-1-AD-1"
              }
            ],
            "compartment_id": "ocid1.tenancy.oc1..aaaaaaaaegvb6u3dsf3iqdyzuancx2keko5uo77vaslsoiktxqowozgmqoyq",
            "filter": null,
            "id": "IdentityAvailabilityDomainsDataSource-2879641081"
          },
          "sensitive_attributes": [],
          "identity_schema_version": 0
        }
      ]
    },
    {
      "mode": "data",
      "type": "oci_objectstorage_namespace",
      "name": "ns",
      "provider": "provider[\"registry.terraform.io/oracle/oci\"]",
      "instances": [
        {
          "schema_version": 0,
          "attributes": {
            "compartment_id": null,
            "id": "ObjectStorageNamespaceDataSource-0",
            "namespace": "ax45nhirzfe7"
          },
          "sensitive_attributes": [],
          "identity_schema_version": 0
        }
      ]
    },
    {
      "mode": "managed",
      "type": "oci_containerengine_cluster",
      "name": "laravel_cluster",
      "provider": "provider[\"registry.terraform.io/oracle/oci\"]",
      "instances": [
        {
          "schema_version": 0,
          "attributes": {
            "available_kubernetes_upgrades": [],
            "cluster_pod_network_options": [
              {
                "cni_type": "FLANNEL_OVERLAY"
              }
            ],
            "compartment_id": "ocid1.compartment.oc1..aaaaaaaabnmkhmbsse3wrv3smr3k66u46nredpeqmlqx42qfn3mxoul3q6bq",
            "defined_tags": {
              "Oracle-Tags.CreatedBy": "default/el3ashe2@gmail.com",
              "Oracle-Tags.CreatedOn": "2025-10-22T06:35:06.876Z"
            },
            "endpoint_config": [
              {
                "is_public_ip_enabled": true,
                "nsg_ids": [],
                "subnet_id": "ocid1.subnet.oc1.me-riyadh-1.aaaaaaaa5tww5nqik2d732be3alheedccotbt7e2asdqib2w65q33ek7cibq"
              }
            ],
            "endpoints": [
              {
                "ipv6endpoint": "",
                "kubernetes": "",
                "private_endpoint": "10.0.1.109:6443",
                "public_endpoint": "84.8.114.54:6443",
                "vcn_hostname_endpoint": "cn3imq2z4tq.laravel.laravelvcn.oraclevcn.com:6443"
              }
            ],
            "freeform_tags": {
              "Environment": "Dev",
              "Project": "Laravel"
            },
            "id": "ocid1.cluster.oc1.me-riyadh-1.aaaaaaaagw2xtzcmuochrqn6pq5bcwq5vtdob73mpphdghg7mcn3imq2z4tq",
            "image_policy_config": [
              {
                "is_policy_enabled": false,
                "key_details": []
              }
            ],
            "kms_key_id": null,
            "kubernetes_version": "v1.34.1",
            "lifecycle_details": null,
            "metadata": [
              {
                "created_by_user_id": "ocid1.user.oc1..aaaaaaaayi7vyiqntmqt24qd26t7bfueu7cxwiyc4jwidqyrjd7k3jxcky7q",
                "created_by_work_request_id": "ocid1.clustersworkrequest.oc1.me-riyadh-1.aaaaaaaa6ye3p2kwz2hrmxvztk3xvs2jamfs7n674pletjioow4n66zjzpma",
                "deleted_by_user_id": "",
                "deleted_by_work_request_id": "",
                "time_created": "2025-10-22 06:35:07 +0000 UTC",
                "time_credential_expiration": "2030-10-22 06:35:48 +0000 UTC",
                "time_deleted": "",
                "time_updated": "2025-10-22 11:31:32 +0000 UTC",
                "updated_by_user_id": "ocid1.user.oc1..aaaaaaaayi7vyiqntmqt24qd26t7bfueu7cxwiyc4jwidqyrjd7k3jxcky7q",
                "updated_by_work_request_id": "ocid1.clustersworkrequest.oc1.me-riyadh-1.amaaaaaairh3kiaa7cwtutoiw7duqfic4y2uy7k7g7skzb7whb64dkru36va"
              }
            ],
            "name": "laravel-cluster",
            "open_id_connect_discovery_endpoint": null,
            "open_id_connect_discovery_key": null,
            "options": [
              {
                "add_ons": [
                  {
                    "is_kubernetes_dashboard_enabled": false,
                    "is_tiller_enabled": false
                  }
                ],
                "admission_controller_options": [
                  {
                    "is_pod_security_policy_enabled": false
                  }
                ],
                "ip_families": [
                  "IPv4"
                ],
                "kubernetes_network_config": [
                  {
                    "pods_cidr": "10.244.0.0/16",
                    "services_cidr": "10.96.0.0/16"
                  }
                ],
                "open_id_connect_discovery": [],
                "open_id_connect_token_authentication_config": [],
                "persistent_volume_config": [
                  {
                    "defined_tags": {},
                    "freeform_tags": {}
                  }
                ],
                "service_lb_config": [
                  {
                    "defined_tags": {},
                    "freeform_tags": {}
                  }
                ],
                "service_lb_subnet_ids": [
                  "ocid1.subnet.oc1.me-riyadh-1.aaaaaaaa5tww5nqik2d732be3alheedccotbt7e2asdqib2w65q33ek7cibq"
                ]
              }
            ],
            "state": "ACTIVE",
            "timeouts": null,
            "type": "BASIC_CLUSTER",
            "vcn_id": "ocid1.vcn.oc1.me-riyadh-1.amaaaaaairh3kiaa6fv27xvtonyk7ukwccnmmk6xjw2kxpztn5wf3w36j6eq"
          },
          "sensitive_attributes": [],
          "identity_schema_version": 0,
          "private": "eyJlMmJmYjczMC1lY2FhLTExZTYtOGY4OC0zNDM2M2JjN2M0YzAiOnsiY3JlYXRlIjozNjAwMDAwMDAwMDAwLCJkZWxldGUiOjM2MDAwMDAwMDAwMDAsInVwZGF0ZSI6MzYwMDAwMDAwMDAwMH19",
          "dependencies": [
            "data.oci_containerengine_cluster_option.cluster_options",
            "oci_core_internet_gateway.laravel_igw",
            "oci_core_route_table.laravel_rt",
            "oci_core_security_list.laravel_security_list",
            "oci_core_subnet.laravel_subnet",
            "oci_core_virtual_network.laravel_vcn"
          ]
        }
      ]
    },
    {
      "mode": "managed",
      "type": "oci_core_internet_gateway",
      "name": "laravel_igw",
      "provider": "provider[\"registry.terraform.io/oracle/oci\"]",
      "instances": [
        {
          "schema_version": 0,
          "attributes": {
            "compartment_id": "ocid1.compartment.oc1..aaaaaaaabnmkhmbsse3wrv3smr3k66u46nredpeqmlqx42qfn3mxoul3q6bq",
            "defined_tags": {
              "Oracle-Tags.CreatedBy": "default/el3ashe2@gmail.com",
              "Oracle-Tags.CreatedOn": "2025-10-20T10:23:44.535Z"
            },
            "display_name": "laravel-internet-gateway",
            "enabled": true,
            "freeform_tags": {},
            "id": "ocid1.internetgateway.oc1.me-riyadh-1.aaaaaaaayenzyxaotnsw7mrcvckjj3plgarblk2hedvgxxjocd2enofmgjia",
            "route_table_id": null,
            "state": "AVAILABLE",
            "time_created": "2025-10-20 10:23:44.565 +0000 UTC",
            "timeouts": null,
            "vcn_id": "ocid1.vcn.oc1.me-riyadh-1.amaaaaaairh3kiaa6fv27xvtonyk7ukwccnmmk6xjw2kxpztn5wf3w36j6eq"
          },
          "sensitive_attributes": [],
          "identity_schema_version": 0,
          "private": "eyJlMmJmYjczMC1lY2FhLTExZTYtOGY4OC0zNDM2M2JjN2M0YzAiOnsiY3JlYXRlIjoxMjAwMDAwMDAwMDAwLCJkZWxldGUiOjEyMDAwMDAwMDAwMDAsInVwZGF0ZSI6MTIwMDAwMDAwMDAwMH19",
          "dependencies": [
            "oci_core_virtual_network.laravel_vcn"
          ]
        }
      ]
    },
    {
      "mode": "managed",
      "type": "oci_core_route_table",
      "name": "laravel_rt",
      "provider": "provider[\"registry.terraform.io/oracle/oci\"]",
      "instances": [
        {
          "schema_version": 0,
          "attributes": {
            "compartment_id": "ocid1.compartment.oc1..aaaaaaaabnmkhmbsse3wrv3smr3k66u46nredpeqmlqx42qfn3mxoul3q6bq",
            "defined_tags": {
              "Oracle-Tags.CreatedBy": "default/el3ashe2@gmail.com",
              "Oracle-Tags.CreatedOn": "2025-10-20T10:23:45.440Z"
            },
            "display_name": "routetable20251020102345",
            "freeform_tags": {},
            "id": "ocid1.routetable.oc1.me-riyadh-1.aaaaaaaandic4z3dymoe35ecd6uiisjvftpuffp7fm7l3we7jegak7dbo7uq",
            "route_rules": [
              {
                "cidr_block": "",
                "description": "",
                "destination": "0.0.0.0/0",
                "destination_type": "CIDR_BLOCK",
                "network_entity_id": "ocid1.internetgateway.oc1.me-riyadh-1.aaaaaaaayenzyxaotnsw7mrcvckjj3plgarblk2hedvgxxjocd2enofmgjia",
                "route_type": "STATIC"
              }
            ],
            "state": "AVAILABLE",
            "time_created": "2025-10-20 10:23:45.452 +0000 UTC",
            "timeouts": null,
            "vcn_id": "ocid1.vcn.oc1.me-riyadh-1.amaaaaaairh3kiaa6fv27xvtonyk7ukwccnmmk6xjw2kxpztn5wf3w36j6eq"
          },
          "sensitive_attributes": [],
          "identity_schema_version": 0,
          "private": "eyJlMmJmYjczMC1lY2FhLTExZTYtOGY4OC0zNDM2M2JjN2M0YzAiOnsiY3JlYXRlIjoxMjAwMDAwMDAwMDAwLCJkZWxldGUiOjEyMDAwMDAwMDAwMDAsInVwZGF0ZSI6MTIwMDAwMDAwMDAwMH19",
          "dependencies": [
            "oci_core_internet_gateway.laravel_igw",
            "oci_core_virtual_network.laravel_vcn"
          ]
        }
      ]
    },
    {
      "mode": "managed",
      "type": "oci_core_security_list",
      "name": "laravel_security_list",
      "provider": "provider[\"registry.terraform.io/oracle/oci\"]",
      "instances": [
        {
          "schema_version": 0,
          "attributes": {
            "compartment_id": "ocid1.compartment.oc1..aaaaaaaabnmkhmbsse3wrv3smr3k66u46nredpeqmlqx42qfn3mxoul3q6bq",
            "defined_tags": {
              "Oracle-Tags.CreatedBy": "default/el3ashe2@gmail.com",
              "Oracle-Tags.CreatedOn": "2025-10-22T09:38:30.571Z"
            },
            "display_name": "laravel-security-list",
            "egress_security_rules": [
              {
                "description": "",
                "destination": "0.0.0.0/0",
                "destination_type": "CIDR_BLOCK",
                "icmp_options": [],
                "protocol": "all",
                "stateless": false,
                "tcp_options": [],
                "udp_options": []
              }
            ],
            "freeform_tags": {},
            "id": "ocid1.securitylist.oc1.me-riyadh-1.aaaaaaaaha2eizi25al4obmoabgptglyazcaj5wpun3m57ztuq4f5kg2kdpa",
            "ingress_security_rules": [
              {
                "description": "",
                "icmp_options": [
                  {
                    "code": -1,
                    "type": 3
                  }
                ],
                "protocol": "1",
                "source": "10.0.0.0/16",
                "source_type": "CIDR_BLOCK",
                "stateless": false,
                "tcp_options": [],
                "udp_options": []
              },
              {
                "description": "",
                "icmp_options": [
                  {
                    "code": 4,
                    "type": 3
                  }
                ],
                "protocol": "1",
                "source": "0.0.0.0/0",
                "source_type": "CIDR_BLOCK",
                "stateless": false,
                "tcp_options": [],
                "udp_options": []
              },
              {
                "description": "",
                "icmp_options": [],
                "protocol": "6",
                "source": "0.0.0.0/0",
                "source_type": "CIDR_BLOCK",
                "stateless": false,
                "tcp_options": [
                  {
                    "max": 22,
                    "min": 22,
                    "source_port_range": []
                  }
                ],
                "udp_options": []
              },
              {
                "description": "",
                "icmp_options": [],
                "protocol": "6",
                "source": "0.0.0.0/0",
                "source_type": "CIDR_BLOCK",
                "stateless": false,
                "tcp_options": [
                  {
                    "max": 6443,
                    "min": 6443,
                    "source_port_range": []
                  }
                ],
                "udp_options": []
              }
            ],
            "state": "AVAILABLE",
            "time_created": "2025-10-22 09:38:30.59 +0000 UTC",
            "timeouts": null,
            "vcn_id": "ocid1.vcn.oc1.me-riyadh-1.amaaaaaairh3kiaa6fv27xvtonyk7ukwccnmmk6xjw2kxpztn5wf3w36j6eq"
          },
          "sensitive_attributes": [],
          "identity_schema_version": 0,
          "private": "eyJlMmJmYjczMC1lY2FhLTExZTYtOGY4OC0zNDM2M2JjN2M0YzAiOnsiY3JlYXRlIjoxMjAwMDAwMDAwMDAwLCJkZWxldGUiOjEyMDAwMDAwMDAwMDAsInVwZGF0ZSI6MTIwMDAwMDAwMDAwMH19",
          "dependencies": [
            "oci_core_virtual_network.laravel_vcn"
          ]
        }
      ]
    },
    {
      "mode": "managed",
      "type": "oci_core_subnet",
      "name": "laravel_db_subnet",
      "provider": "provider[\"registry.terraform.io/oracle/oci\"]",
      "instances": [
        {
          "schema_version": 0,
          "attributes": {
            "availability_domain": null,
            "cidr_block": "10.0.3.0/24",
            "compartment_id": "ocid1.compartment.oc1..aaaaaaaabnmkhmbsse3wrv3smr3k66u46nredpeqmlqx42qfn3mxoul3q6bq",
            "defined_tags": {
              "Oracle-Tags.CreatedBy": "default/el3ashe2@gmail.com",
              "Oracle-Tags.CreatedOn": "2025-10-20T10:23:45.065Z"
            },
            "dhcp_options_id": "ocid1.dhcpoptions.oc1.me-riyadh-1.aaaaaaaabtq76x6kiexsfybccgmqypteauwkrh6qgdstpelefkxocxjo42va",
            "display_name": "laravel-db-subnet",
            "dns_label": "dbsub",
            "freeform_tags": {},
            "id": "ocid1.subnet.oc1.me-riyadh-1.aaaaaaaafe73qs3f75dmyb6tkt553vytfybwftmpstvliljawdotfssknp2a",
            "ipv4cidr_blocks": [
              "10.0.3.0/24"
            ],
            "ipv6cidr_block": null,
            "ipv6cidr_blocks": [],
            "ipv6virtual_router_ip": null,
            "prohibit_internet_ingress": true,
            "prohibit_public_ip_on_vnic": true,
            "route_table_id": "ocid1.routetable.oc1.me-riyadh-1.aaaaaaaatdc27sxvekst63jf2dzgeecppxngtgbdctmbcbrn6ck77s3zcryq",
            "security_list_ids": [
              "ocid1.securitylist.oc1.me-riyadh-1.aaaaaaaaha2eizi25al4obmoabgptglyazcaj5wpun3m57ztuq4f5kg2kdpa"
            ],
            "state": "AVAILABLE",
            "subnet_domain_name": "dbsub.laravelvcn.oraclevcn.com",
            "time_created": "2025-10-20 10:23:45.088 +0000 UTC",
            "timeouts": null,
            "vcn_id": "ocid1.vcn.oc1.me-riyadh-1.amaaaaaairh3kiaa6fv27xvtonyk7ukwccnmmk6xjw2kxpztn5wf3w36j6eq",
            "virtual_router_ip": "10.0.3.1",
            "virtual_router_mac": "00:00:17:43:82:C5"
          },
          "sensitive_attributes": [],
          "identity_schema_version": 0,
          "private": "eyJlMmJmYjczMC1lY2FhLTExZTYtOGY4OC0zNDM2M2JjN2M0YzAiOnsiY3JlYXRlIjoxMjAwMDAwMDAwMDAwLCJkZWxldGUiOjEyMDAwMDAwMDAwMDAsInVwZGF0ZSI6MTIwMDAwMDAwMDAwMH19",
          "dependencies": [
            "oci_core_security_list.laravel_security_list",
            "oci_core_virtual_network.laravel_vcn"
          ]
        }
      ]
    },
    {
      "mode": "managed",
      "type": "oci_core_subnet",
      "name": "laravel_nodes_subnet",
      "provider": "provider[\"registry.terraform.io/oracle/oci\"]",
      "instances": [
        {
          "schema_version": 0,
          "attributes": {
            "availability_domain": null,
            "cidr_block": "10.0.2.0/24",
            "compartment_id": "ocid1.compartment.oc1..aaaaaaaabnmkhmbsse3wrv3smr3k66u46nredpeqmlqx42qfn3mxoul3q6bq",
            "defined_tags": {
              "Oracle-Tags.CreatedBy": "default/el3ashe2@gmail.com",
              "Oracle-Tags.CreatedOn": "2025-11-04T14:29:52.774Z"
            },
            "dhcp_options_id": "ocid1.dhcpoptions.oc1.me-riyadh-1.aaaaaaaabtq76x6kiexsfybccgmqypteauwkrh6qgdstpelefkxocxjo42va",
            "display_name": "laravel-nodes-subnet",
            "dns_label": "nodesub",
            "freeform_tags": {},
            "id": "ocid1.subnet.oc1.me-riyadh-1.aaaaaaaatafkhostnsw2beo6ypknjtsoc23c7rhtxqfhxsykvvljr3at7lha",
            "ipv4cidr_blocks": [
              "10.0.2.0/24"
            ],
            "ipv6cidr_block": null,
            "ipv6cidr_blocks": [],
            "ipv6virtual_router_ip": null,
            "prohibit_internet_ingress": false,
            "prohibit_public_ip_on_vnic": false,
            "route_table_id": "ocid1.routetable.oc1.me-riyadh-1.aaaaaaaandic4z3dymoe35ecd6uiisjvftpuffp7fm7l3we7jegak7dbo7uq",
            "security_list_ids": [
              "ocid1.securitylist.oc1.me-riyadh-1.aaaaaaaaha2eizi25al4obmoabgptglyazcaj5wpun3m57ztuq4f5kg2kdpa"
            ],
            "state": "AVAILABLE",
            "subnet_domain_name": "nodesub.laravelvcn.oraclevcn.com",
            "time_created": "2025-11-04 14:29:52.8 +0000 UTC",
            "timeouts": null,
            "vcn_id": "ocid1.vcn.oc1.me-riyadh-1.amaaaaaairh3kiaa6fv27xvtonyk7ukwccnmmk6xjw2kxpztn5wf3w36j6eq",
            "virtual_router_ip": "10.0.2.1",
            "virtual_router_mac": "00:00:17:43:82:C5"
          },
          "sensitive_attributes": [],
          "identity_schema_version": 0,
          "private": "eyJlMmJmYjczMC1lY2FhLTExZTYtOGY4OC0zNDM2M2JjN2M0YzAiOnsiY3JlYXRlIjoxMjAwMDAwMDAwMDAwLCJkZWxldGUiOjEyMDAwMDAwMDAwMDAsInVwZGF0ZSI6MTIwMDAwMDAwMDAwMH19",
          "dependencies": [
            "oci_core_internet_gateway.laravel_igw",
            "oci_core_route_table.laravel_rt",
            "oci_core_security_list.laravel_security_list",
            "oci_core_virtual_network.laravel_vcn"
          ]
        }
      ]
    },
    {
      "mode": "managed",
      "type": "oci_core_subnet",
      "name": "laravel_subnet",
      "provider": "provider[\"registry.terraform.io/oracle/oci\"]",
      "instances": [
        {
          "schema_version": 0,
          "attributes": {
            "availability_domain": null,
            "cidr_block": "10.0.1.0/24",
            "compartment_id": "ocid1.compartment.oc1..aaaaaaaabnmkhmbsse3wrv3smr3k66u46nredpeqmlqx42qfn3mxoul3q6bq",
            "defined_tags": {
              "Oracle-Tags.CreatedBy": "default/el3ashe2@gmail.com",
              "Oracle-Tags.CreatedOn": "2025-10-20T10:23:45.065Z"
            },
            "dhcp_options_id": "ocid1.dhcpoptions.oc1.me-riyadh-1.aaaaaaaabtq76x6kiexsfybccgmqypteauwkrh6qgdstpelefkxocxjo42va",
            "display_name": "laravel-subnet",
            "dns_label": "laravel",
            "freeform_tags": {},
            "id": "ocid1.subnet.oc1.me-riyadh-1.aaaaaaaa5tww5nqik2d732be3alheedccotbt7e2asdqib2w65q33ek7cibq",
            "ipv4cidr_blocks": [
              "10.0.1.0/24"
            ],
            "ipv6cidr_block": null,
            "ipv6cidr_blocks": [],
            "ipv6virtual_router_ip": null,
            "prohibit_internet_ingress": false,
            "prohibit_public_ip_on_vnic": false,
            "route_table_id": "ocid1.routetable.oc1.me-riyadh-1.aaaaaaaandic4z3dymoe35ecd6uiisjvftpuffp7fm7l3we7jegak7dbo7uq",
            "security_list_ids": [
              "ocid1.securitylist.oc1.me-riyadh-1.aaaaaaaaha2eizi25al4obmoabgptglyazcaj5wpun3m57ztuq4f5kg2kdpa"
            ],
            "state": "AVAILABLE",
            "subnet_domain_name": "laravel.laravelvcn.oraclevcn.com",
            "time_created": "2025-10-20 10:23:46.228 +0000 UTC",
            "timeouts": null,
            "vcn_id": "ocid1.vcn.oc1.me-riyadh-1.amaaaaaairh3kiaa6fv27xvtonyk7ukwccnmmk6xjw2kxpztn5wf3w36j6eq",
            "virtual_router_ip": "10.0.1.1",
            "virtual_router_mac": "00:00:17:43:82:C5"
          },
          "sensitive_attributes": [],
          "identity_schema_version": 0,
          "private": "eyJlMmJmYjczMC1lY2FhLTExZTYtOGY4OC0zNDM2M2JjN2M0YzAiOnsiY3JlYXRlIjoxMjAwMDAwMDAwMDAwLCJkZWxldGUiOjEyMDAwMDAwMDAwMDAsInVwZGF0ZSI6MTIwMDAwMDAwMDAwMH19",
          "dependencies": [
            "oci_core_internet_gateway.laravel_igw",
            "oci_core_route_table.laravel_rt",
            "oci_core_security_list.laravel_security_list",
            "oci_core_virtual_network.laravel_vcn"
          ]
        }
      ]
    },
    {
      "mode": "managed",
      "type": "oci_core_virtual_network",
      "name": "laravel_vcn",
      "provider": "provider[\"registry.terraform.io/oracle/oci\"]",
      "instances": [
        {
          "schema_version": 0,
          "attributes": {
            "byoipv6cidr_blocks": [],
            "byoipv6cidr_details": [],
            "cidr_block": "10.0.0.0/16",
            "cidr_blocks": [
              "10.0.0.0/16"
            ],
            "compartment_id": "ocid1.compartment.oc1..aaaaaaaabnmkhmbsse3wrv3smr3k66u46nredpeqmlqx42qfn3mxoul3q6bq",
            "default_dhcp_options_id": "ocid1.dhcpoptions.oc1.me-riyadh-1.aaaaaaaabtq76x6kiexsfybccgmqypteauwkrh6qgdstpelefkxocxjo42va",
            "default_route_table_id": "ocid1.routetable.oc1.me-riyadh-1.aaaaaaaatdc27sxvekst63jf2dzgeecppxngtgbdctmbcbrn6ck77s3zcryq",
            "default_security_list_id": "ocid1.securitylist.oc1.me-riyadh-1.aaaaaaaan3ordrsjdytnipizmeon6uic2tqpkr3turhat6xr4v2poexwdrjq",
            "defined_tags": {
              "Oracle-Tags.CreatedBy": "default/el3ashe2@gmail.com",
              "Oracle-Tags.CreatedOn": "2025-10-20T10:23:43.733Z"
            },
            "display_name": "laravel-vcn",
            "dns_label": "laravelvcn",
            "freeform_tags": {},
            "id": "ocid1.vcn.oc1.me-riyadh-1.amaaaaaairh3kiaa6fv27xvtonyk7ukwccnmmk6xjw2kxpztn5wf3w36j6eq",
            "ipv6cidr_blocks": [],
            "ipv6private_cidr_blocks": [],
            "is_ipv6enabled": false,
            "is_oracle_gua_allocation_enabled": null,
            "security_attributes": {},
            "state": "AVAILABLE",
            "time_created": "2025-10-20 10:23:43.791 +0000 UTC",
            "timeouts": null,
            "vcn_domain_name": "laravelvcn.oraclevcn.com"
          },
          "sensitive_attributes": [],
          "identity_schema_version": 0,
          "private": "eyJlMmJmYjczMC1lY2FhLTExZTYtOGY4OC0zNDM2M2JjN2M0YzAiOnsiY3JlYXRlIjoxMjAwMDAwMDAwMDAwLCJkZWxldGUiOjEyMDAwMDAwMDAwMDAsInVwZGF0ZSI6MTIwMDAwMDAwMDAwMH19"
        }
      ]
    },
    {
      "mode": "managed",
      "type": "oci_kms_key",
      "name": "laravel_key",
      "provider": "provider[\"registry.terraform.io/oracle/oci\"]",
      "instances": [
        {
          "schema_version": 0,
          "attributes": {
            "auto_key_rotation_details": [],
            "compartment_id": "ocid1.compartment.oc1..aaaaaaaabnmkhmbsse3wrv3smr3k66u46nredpeqmlqx42qfn3mxoul3q6bq",
            "current_key_version": "ocid1.keyversion.oc1.me-riyadh-1.s5upmdnpaadeq.vce6nd3a33iaa.abqwuljrsfomb4xfoa5yk4n2z6a6rkxumugacwgrz632hokivsdygdcajcba",
            "defined_tags": {
              "Oracle-Tags.CreatedBy": "default/el3ashe2@gmail.com",
              "Oracle-Tags.CreatedOn": "2025-10-20T10:24:45.143Z"
            },
            "desired_state": "ENABLED",
            "display_name": "laravel-key",
            "external_key_reference": [],
            "external_key_reference_details": [],
            "freeform_tags": {},
            "id": "ocid1.key.oc1.me-riyadh-1.s5upmdnpaadeq.abqwuljrojzi57mtkct5zwkhltnsrjsgdau4yf7vupfzxftzmzl6fbciymea",
            "is_auto_rotation_enabled": false,
            "is_primary": true,
            "key_shape": [
              {
                "algorithm": "AES",
                "curve_id": "",
                "length": 32
              }
            ],
            "management_endpoint": "https://s5upmdnpaadeq-management.kms.me-riyadh-1.oci.oraclecloud.com",
            "protection_mode": "HSM",
            "replica_details": [],
            "restore_from_file": [],
            "restore_from_object_store": [],
            "restore_trigger": null,
            "restored_from_key_id": null,
            "state": "ENABLED",
            "time_created": "2025-10-20 10:24:45.422 +0000 UTC",
            "time_of_deletion": null,
            "timeouts": null,
            "vault_id": "ocid1.vault.oc1.me-riyadh-1.s5upmdnpaadeq.abqwuljr4a5qcyx2gupsfhxnrs2y75lm6ls36vck2llewwstsqasczgznv7a"
          },
          "sensitive_attributes": [],
          "identity_schema_version": 0,
          "private": "eyJlMmJmYjczMC1lY2FhLTExZTYtOGY4OC0zNDM2M2JjN2M0YzAiOnsiY3JlYXRlIjoxMjAwMDAwMDAwMDAwLCJkZWxldGUiOjEyMDAwMDAwMDAwMDAsInVwZGF0ZSI6MTIwMDAwMDAwMDAwMH19",
          "dependencies": [
            "oci_kms_vault.laravel_vault"
          ]
        }
      ]
    },
    {
      "mode": "managed",
      "type": "oci_kms_vault",
      "name": "laravel_vault",
      "provider": "provider[\"registry.terraform.io/oracle/oci\"]",
      "instances": [
        {
          "schema_version": 0,
          "attributes": {
            "compartment_id": "ocid1.compartment.oc1..aaaaaaaabnmkhmbsse3wrv3smr3k66u46nredpeqmlqx42qfn3mxoul3q6bq",
            "crypto_endpoint": "https://s5upmdnpaadeq-crypto.kms.me-riyadh-1.oci.oraclecloud.com",
            "defined_tags": {
              "Oracle-Tags.CreatedBy": "default/el3ashe2@gmail.com",
              "Oracle-Tags.CreatedOn": "2025-10-20T10:23:43.623Z"
            },
            "display_name": "laravel-vault",
            "external_key_manager_metadata": [],
            "external_key_manager_metadata_summary": [],
            "freeform_tags": {},
            "id": "ocid1.vault.oc1.me-riyadh-1.s5upmdnpaadeq.abqwuljr4a5qcyx2gupsfhxnrs2y75lm6ls36vck2llewwstsqasczgznv7a",
            "is_primary": true,
            "is_vault_replicable": true,
            "management_endpoint": "https://s5upmdnpaadeq-management.kms.me-riyadh-1.oci.oraclecloud.com",
            "replica_details": [],
            "restore_from_file": [],
            "restore_from_object_store": [],
            "restore_trigger": null,
            "restored_from_vault_id": null,
            "state": "ACTIVE",
            "time_created": "2025-10-20 10:23:43.883 +0000 UTC",
            "time_of_deletion": null,
            "timeouts": null,
            "vault_type": "DEFAULT"
          },
          "sensitive_attributes": [],
          "identity_schema_version": 0,
          "private": "eyJlMmJmYjczMC1lY2FhLTExZTYtOGY4OC0zNDM2M2JjN2M0YzAiOnsiY3JlYXRlIjoxMjAwMDAwMDAwMDAwLCJkZWxldGUiOjEyMDAwMDAwMDAwMDAsInVwZGF0ZSI6MTIwMDAwMDAwMDAwMH19"
        }
      ]
    },
    {
      "mode": "managed",
      "type": "oci_mysql_mysql_db_system",
      "name": "laravel_db",
      "provider": "provider[\"registry.terraform.io/oracle/oci\"]",
      "instances": [
        {
          "schema_version": 0,
          "attributes": {
            "access_mode": "UNRESTRICTED",
            "admin_password": "!2D7*kUl$Cb\u00262Zfd",
            "admin_username": "admin",
            "availability_domain": "RdGD:ME-RIYADH-1-AD-1",
            "backup_policy": [
              {
                "copy_policies": [],
                "defined_tags": {},
                "freeform_tags": {},
                "is_enabled": true,
                "pitr_policy": [
                  {
                    "is_enabled": true
                  }
                ],
                "retention_in_days": 7,
                "soft_delete": "ENABLED",
                "window_start_time": "23:33"
              }
            ],
            "channels": [],
            "compartment_id": "ocid1.compartment.oc1..aaaaaaaabnmkhmbsse3wrv3smr3k66u46nredpeqmlqx42qfn3mxoul3q6bq",
            "configuration_id": "ocid1.mysqlconfiguration.oc1..aaaaaaaa3nxmnfhhxmwczg6wymvx2seey2tmqmdmiifekdf77za4worikhea",
            "crash_recovery": "ENABLED",
            "current_placement": [
              {
                "availability_domain": "RdGD:ME-RIYADH-1-AD-1",
                "fault_domain": "FAULT-DOMAIN-3"
              }
            ],
            "customer_contacts": [],
            "data_storage": [
              {
                "allocated_storage_size_in_gbs": 50,
                "data_storage_size_in_gb": 50,
                "data_storage_size_limit_in_gbs": 32768,
                "is_auto_expand_storage_enabled": false,
                "max_storage_size_in_gbs": 0
              }
            ],
            "data_storage_size_in_gb": 50,
            "database_management": "DISABLED",
            "database_mode": "READ_WRITE",
            "defined_tags": {
              "Oracle-Tags.CreatedBy": "default/el3ashe2@gmail.com",
              "Oracle-Tags.CreatedOn": "2025-10-20T13:12:25.712Z"
            },
            "deletion_policy": [
              {
                "automatic_backup_retention": "RETAIN",
                "final_backup": "SKIP_FINAL_BACKUP",
                "is_delete_protected": false
              }
            ],
            "description": null,
            "display_name": "laravel-mysql",
            "encrypt_data": [
              {
                "key_generation_type": "SYSTEM",
                "key_id": ""
              }
            ],
            "endpoints": [
              {
                "hostname": "",
                "ip_address": "10.0.3.111",
                "modes": [
                  "READ",
                  "WRITE"
                ],
                "port": 3306,
                "port_x": 33060,
                "resource_id": "ocid1.mysqldbsystem.oc1.me-riyadh-1.aaaaaaaamnm6ufeky3tx56rvlnbhobvhviojlmw4uvotlmng4gvvazzfsvmq",
                "resource_type": "DBSYSTEM",
                "status": "ACTIVE",
                "status_details": ""
              }
            ],
            "fault_domain": "FAULT-DOMAIN-3",
            "freeform_tags": {},
            "heat_wave_cluster": [],
            "hostname_label": null,
            "id": "ocid1.mysqldbsystem.oc1.me-riyadh-1.aaaaaaaamnm6ufeky3tx56rvlnbhobvhviojlmw4uvotlmng4gvvazzfsvmq",
            "ip_address": "10.0.3.111",
            "is_heat_wave_cluster_attached": false,
            "is_highly_available": false,
            "lifecycle_details": "",
            "maintenance": [
              {
                "maintenance_schedule_type": "REGULAR",
                "target_version": "8.4.6",
                "time_scheduled": "2025-11-04 22:40:00 +0000 UTC",
                "version_preference": "OLDEST",
                "version_track_preference": "FOLLOW",
                "window_start_time": "TUESDAY 22:40"
              }
            ],
            "mysql_version": "8.4.6",
            "nsg_ids": [],
            "point_in_time_recovery_details": [
              {
                "time_earliest_recovery_point": "2025-10-28 23:33:38 +0000 UTC",
                "time_latest_recovery_point": "2025-11-04 17:43:21 +0000 UTC"
              }
            ],
            "port": 3306,
            "port_x": 33060,
            "read_endpoint": [
              {
                "exclude_ips": [],
                "is_enabled": false,
                "read_endpoint_hostname_label": "",
                "read_endpoint_ip_address": ""
              }
            ],
            "rest": [],
            "secure_connections": [
              {
                "certificate_generation_type": "SYSTEM",
                "certificate_id": ""
              }
            ],
            "security_attributes": {},
            "shape_name": "MySQL.2",
            "shutdown_type": null,
            "source": [
              {
                "backup_id": "",
                "db_system_id": "",
                "recovery_point": "",
                "source_type": "NONE",
                "source_url": ""
              }
            ],
            "state": "ACTIVE",
            "subnet_id": "ocid1.subnet.oc1.me-riyadh-1.aaaaaaaafe73qs3f75dmyb6tkt553vytfybwftmpstvliljawdotfssknp2a",
            "system_tags": {},
            "time_created": "2025-10-20 13:12:27.033 +0000 UTC",
            "time_updated": "2025-11-03 23:35:13.217 +0000 UTC",
            "timeouts": null
          },
          "sensitive_attributes": [
            [
              {
                "type": "get_attr",
                "value": "admin_password"
              }
            ],
            [
              {
                "type": "get_attr",
                "value": "source"
              },
              {
                "type": "index",
                "value": {
                  "value": 0,
                  "type": "number"
                }
              },
              {
                "type": "get_attr",
                "value": "source_url"
              }
            ]
          ],
          "identity_schema_version": 0,
          "private": "eyJlMmJmYjczMC1lY2FhLTExZTYtOGY4OC0zNDM2M2JjN2M0YzAiOnsiY3JlYXRlIjozNjAwMDAwMDAwMDAwLCJkZWxldGUiOjM2MDAwMDAwMDAwMDAsInVwZGF0ZSI6MzYwMDAwMDAwMDAwMH19",
          "dependencies": [
            "data.oci_identity_availability_domains.ads",
            "oci_core_security_list.laravel_security_list",
            "oci_core_subnet.laravel_db_subnet",
            "oci_core_virtual_network.laravel_vcn",
            "random_password.mysql_admin"
          ]
        }
      ]
    },
    {
      "mode": "managed",
      "type": "oci_objectstorage_bucket",
      "name": "backups",
      "provider": "provider[\"registry.terraform.io/oracle/oci\"]",
      "instances": [
        {
          "schema_version": 0,
          "attributes": {
            "access_type": "NoPublicAccess",
            "approximate_count": "0",
            "approximate_size": "0",
            "auto_tiering": "Disabled",
            "bucket_id": "ocid1.bucket.oc1.me-riyadh-1.aaaaaaaa5ens6j4v2arh645rnw6t7dexo2uubpvsyz3jnfgwikfuygwzww4q",
            "compartment_id": "ocid1.compartment.oc1..aaaaaaaabnmkhmbsse3wrv3smr3k66u46nredpeqmlqx42qfn3mxoul3q6bq",
            "created_by": "ocid1.user.oc1..aaaaaaaayi7vyiqntmqt24qd26t7bfueu7cxwiyc4jwidqyrjd7k3jxcky7q",
            "defined_tags": {
              "Oracle-Tags.CreatedBy": "default/el3ashe2@gmail.com",
              "Oracle-Tags.CreatedOn": "2025-10-20T10:23:43.570Z"
            },
            "etag": "1181cdee-3366-4ed3-8e1a-277da413336f",
            "freeform_tags": {},
            "id": "n/ax45nhirzfe7/b/laravel-backup-bucket",
            "is_read_only": false,
            "kms_key_id": null,
            "metadata": {},
            "name": "laravel-backup-bucket",
            "namespace": "ax45nhirzfe7",
            "object_events_enabled": false,
            "object_lifecycle_policy_etag": null,
            "replication_enabled": false,
            "retention_rules": [],
            "storage_tier": "Standard",
            "time_created": "2025-10-20 10:23:43.576 +0000 UTC",
            "timeouts": null,
            "versioning": "Enabled"
          },
          "sensitive_attributes": [],
          "identity_schema_version": 0,
          "private": "eyJlMmJmYjczMC1lY2FhLTExZTYtOGY4OC0zNDM2M2JjN2M0YzAiOnsiY3JlYXRlIjoxMjAwMDAwMDAwMDAwLCJkZWxldGUiOjEyMDAwMDAwMDAwMDAsInVwZGF0ZSI6MTIwMDAwMDAwMDAwMH19",
          "dependencies": [
            "data.oci_objectstorage_namespace.ns"
          ]
        }
      ]
    },
    {
      "mode": "managed",
      "type": "oci_vault_secret",
      "name": "db_password",
      "provider": "provider[\"registry.terraform.io/oracle/oci\"]",
      "instances": [
        {
          "schema_version": 0,
          "attributes": {
            "compartment_id": "ocid1.compartment.oc1..aaaaaaaabnmkhmbsse3wrv3smr3k66u46nredpeqmlqx42qfn3mxoul3q6bq",
            "current_version_number": "1",
            "defined_tags": {
              "Oracle-Tags.CreatedBy": "default/el3ashe2@gmail.com",
              "Oracle-Tags.CreatedOn": "2025-10-20T10:25:10.341Z"
            },
            "description": "Laravel MySQL admin password",
            "enable_auto_generation": false,
            "freeform_tags": {},
            "id": "ocid1.vaultsecret.oc1.me-riyadh-1.amaaaaaairh3kiaa6eve2xnkpdwzp44haf5ip7mgee7ovf75rth6ysd3khca",
            "is_auto_generation_enabled": false,
            "is_replica": null,
            "key_id": "ocid1.key.oc1.me-riyadh-1.s5upmdnpaadeq.abqwuljrojzi57mtkct5zwkhltnsrjsgdau4yf7vupfzxftzmzl6fbciymea",
            "last_rotation_time": null,
            "lifecycle_details": null,
            "metadata": {},
            "next_rotation_time": null,
            "replication_config": [],
            "rotation_config": [],
            "rotation_status": "NOT_ENABLED",
            "secret_content": [
              {
                "content": "ITJENyprVWwkQ2ImMlpmZA==",
                "content_type": "BASE64",
                "name": "",
                "stage": ""
              }
            ],
            "secret_generation_context": [],
            "secret_name": "laravel-db-password",
            "secret_rules": [],
            "source_region_information": [],
            "state": "ACTIVE",
            "time_created": "2025-10-20 10:25:10.298 +0000 UTC",
            "time_of_current_version_expiry": null,
            "time_of_deletion": null,
            "timeouts": null,
            "vault_id": "ocid1.vault.oc1.me-riyadh-1.s5upmdnpaadeq.abqwuljr4a5qcyx2gupsfhxnrs2y75lm6ls36vck2llewwstsqasczgznv7a"
          },
          "sensitive_attributes": [
            [
              {
                "type": "get_attr",
                "value": "secret_content"
              },
              {
                "type": "index",
                "value": {
                  "value": 0,
                  "type": "number"
                }
              },
              {
                "type": "get_attr",
                "value": "content"
              }
            ]
          ],
          "identity_schema_version": 0,
          "private": "eyJlMmJmYjczMC1lY2FhLTExZTYtOGY4OC0zNDM2M2JjN2M0YzAiOnsiY3JlYXRlIjoxMjAwMDAwMDAwMDAwLCJkZWxldGUiOjEyMDAwMDAwMDAwMDAsInVwZGF0ZSI6MTIwMDAwMDAwMDAwMH19",
          "dependencies": [
            "oci_kms_key.laravel_key",
            "oci_kms_vault.laravel_vault",
            "random_password.mysql_admin"
          ]
        }
      ]
    },
    {
      "mode": "managed",
      "type": "random_password",
      "name": "mysql_admin",
      "provider": "provider[\"registry.terraform.io/hashicorp/random\"]",
      "instances": [
        {
          "schema_version": 3,
          "attributes": {
            "bcrypt_hash": "$2a$10$.RU4aNMhn6wf.BGKthg6HO.Nt9TIblY.MIICbl9CmDrrYjQuEPcya",
            "id": "none",
            "keepers": null,
            "length": 16,
            "lower": true,
            "min_lower": 0,
            "min_numeric": 0,
            "min_special": 0,
            "min_upper": 0,
            "number": true,
            "numeric": true,
            "override_special": null,
            "result": "!2D7*kUl$Cb\u00262Zfd",
            "special": true,
            "upper": true
          },
          "sensitive_attributes": [
            [
              {
                "type": "get_attr",
                "value": "bcrypt_hash"
              }
            ],
            [
              {
                "type": "get_attr",
                "value": "result"
              }
            ]
          ],
          "identity_schema_version": 0
        }
      ]
    }
  ],
  "check_results": [
    {
      "object_kind": "resource",
      "config_addr": "oci_containerengine_node_pool.laravel_nodes",
      "status": "pass",
      "objects": [
        {
          "object_addr": "oci_containerengine_node_pool.laravel_nodes",
          "status": "pass"
        }
      ]
    }
  ]
}
